// !$*UTF8*$!
{
	archiveVersion = 1;
	classes = {
	};
	objectVersion = 46;
	objects = {

/* Begin PBXBuildFile section */
		BD1679BFEC8E4D3F8D43D2BC /* libPods.a in Frameworks */ = {isa = PBXBuildFile; fileRef = 976D2775B86E407CA4B459DD /* libPods.a */; };
		DD3FD92817464BB4003DE202 /* UIKit.framework in Frameworks */ = {isa = PBXBuildFile; fileRef = DD3FD92717464BB4003DE202 /* UIKit.framework */; };
		DD3FD92A17464BB4003DE202 /* Foundation.framework in Frameworks */ = {isa = PBXBuildFile; fileRef = DD3FD92917464BB4003DE202 /* Foundation.framework */; };
		DD3FD92C17464BB4003DE202 /* CoreGraphics.framework in Frameworks */ = {isa = PBXBuildFile; fileRef = DD3FD92B17464BB4003DE202 /* CoreGraphics.framework */; };
		DD3FD92F17464BB4003DE202 /* Podfile in Resources */ = {isa = PBXBuildFile; fileRef = DD3FD92E17464BB4003DE202 /* Podfile */; };
		DD3FD93517464BB4003DE202 /* salesucreAPIClient.m in Sources */ = {isa = PBXBuildFile; fileRef = DD3FD93417464BB4003DE202 /* salesucreAPIClient.m */; };
		DD3FD93917464BB4003DE202 /* InfoPlist.strings in Resources */ = {isa = PBXBuildFile; fileRef = DD3FD93717464BB4003DE202 /* InfoPlist.strings */; };
		DD3FD93B17464BB4003DE202 /* main.m in Sources */ = {isa = PBXBuildFile; fileRef = DD3FD93A17464BB4003DE202 /* main.m */; };
		DD3FD93E17464BB4003DE202 /* SSAppDelegate.m in Sources */ = {isa = PBXBuildFile; fileRef = DD3FD93D17464BB4003DE202 /* SSAppDelegate.m */; };
		DD3FD94017464BB4003DE202 /* Default.png in Resources */ = {isa = PBXBuildFile; fileRef = DD3FD93F17464BB4003DE202 /* Default.png */; };
		DD3FD94217464BB4003DE202 /* Default@2x.png in Resources */ = {isa = PBXBuildFile; fileRef = DD3FD94117464BB4003DE202 /* Default@2x.png */; };
		DD3FD94417464BB4003DE202 /* Default-568h@2x.png in Resources */ = {isa = PBXBuildFile; fileRef = DD3FD94317464BB4003DE202 /* Default-568h@2x.png */; };
		DD3FD94B17465139003DE202 /* Icon.png in Resources */ = {isa = PBXBuildFile; fileRef = DD3FD94A17465139003DE202 /* Icon.png */; };
		DD3FD94D1746513C003DE202 /* Icon@2x.png in Resources */ = {isa = PBXBuildFile; fileRef = DD3FD94C1746513C003DE202 /* Icon@2x.png */; };
		DD3FD94F17465146003DE202 /* Default.png in Resources */ = {isa = PBXBuildFile; fileRef = DD3FD94E17465146003DE202 /* Default.png */; };
		DD3FD9511746515B003DE202 /* Default@2x.png in Resources */ = {isa = PBXBuildFile; fileRef = DD3FD9501746515B003DE202 /* Default@2x.png */; };
		DD3FD953174652C8003DE202 /* Default-568h@2x.png in Resources */ = {isa = PBXBuildFile; fileRef = DD3FD952174652C8003DE202 /* Default-568h@2x.png */; };
		DD3FD95B1746585F003DE202 /* Parse.framework in Frameworks */ = {isa = PBXBuildFile; fileRef = DD3FD95A1746585F003DE202 /* Parse.framework */; };
		DD3FD95F174658EC003DE202 /* libFlurry.a in Frameworks */ = {isa = PBXBuildFile; fileRef = DD3FD95E174658EC003DE202 /* libFlurry.a */; };
/* End PBXBuildFile section */

/* Begin PBXFileReference section */
		77E07B2F641949CFB3FE2D0C /* Pods.xcconfig */ = {isa = PBXFileReference; includeInIndex = 1; lastKnownFileType = text.xcconfig; name = Pods.xcconfig; path = Pods/Pods.xcconfig; sourceTree = SOURCE_ROOT; };
		976D2775B86E407CA4B459DD /* libPods.a */ = {isa = PBXFileReference; explicitFileType = archive.ar; includeInIndex = 0; path = libPods.a; sourceTree = BUILT_PRODUCTS_DIR; };
		DD3FD92417464BB4003DE202 /* salesucre.app */ = {isa = PBXFileReference; explicitFileType = wrapper.application; includeInIndex = 0; path = salesucre.app; sourceTree = BUILT_PRODUCTS_DIR; };
		DD3FD92717464BB4003DE202 /* UIKit.framework */ = {isa = PBXFileReference; lastKnownFileType = wrapper.framework; name = UIKit.framework; path = System/Library/Frameworks/UIKit.framework; sourceTree = SDKROOT; };
		DD3FD92917464BB4003DE202 /* Foundation.framework */ = {isa = PBXFileReference; lastKnownFileType = wrapper.framework; name = Foundation.framework; path = System/Library/Frameworks/Foundation.framework; sourceTree = SDKROOT; };
		DD3FD92B17464BB4003DE202 /* CoreGraphics.framework */ = {isa = PBXFileReference; lastKnownFileType = wrapper.framework; name = CoreGraphics.framework; path = System/Library/Frameworks/CoreGraphics.framework; sourceTree = SDKROOT; };
		DD3FD92E17464BB4003DE202 /* Podfile */ = {isa = PBXFileReference; lastKnownFileType = text; name = Podfile; path = ../Podfile; sourceTree = "<group>"; };
		DD3FD93117464BB4003DE202 /* salesucre-Prefix.pch */ = {isa = PBXFileReference; lastKnownFileType = sourcecode.c.h; path = "salesucre-Prefix.pch"; sourceTree = "<group>"; };
		DD3FD93317464BB4003DE202 /* salesucreAPIClient.h */ = {isa = PBXFileReference; lastKnownFileType = sourcecode.c.h; name = salesucreAPIClient.h; path = Classes/salesucreAPIClient.h; sourceTree = "<group>"; };
		DD3FD93417464BB4003DE202 /* salesucreAPIClient.m */ = {isa = PBXFileReference; lastKnownFileType = sourcecode.c.objc; name = salesucreAPIClient.m; path = Classes/salesucreAPIClient.m; sourceTree = "<group>"; };
		DD3FD93617464BB4003DE202 /* salesucre-Info.plist */ = {isa = PBXFileReference; lastKnownFileType = text.plist.xml; path = "salesucre-Info.plist"; sourceTree = "<group>"; };
		DD3FD93817464BB4003DE202 /* en */ = {isa = PBXFileReference; lastKnownFileType = text.plist.strings; name = en; path = en.lproj/InfoPlist.strings; sourceTree = "<group>"; };
		DD3FD93A17464BB4003DE202 /* main.m */ = {isa = PBXFileReference; lastKnownFileType = sourcecode.c.objc; path = main.m; sourceTree = "<group>"; };
		DD3FD93C17464BB4003DE202 /* SSAppDelegate.h */ = {isa = PBXFileReference; lastKnownFileType = sourcecode.c.h; path = SSAppDelegate.h; sourceTree = "<group>"; };
		DD3FD93D17464BB4003DE202 /* SSAppDelegate.m */ = {isa = PBXFileReference; lastKnownFileType = sourcecode.c.objc; path = SSAppDelegate.m; sourceTree = "<group>"; };
		DD3FD93F17464BB4003DE202 /* Default.png */ = {isa = PBXFileReference; lastKnownFileType = image.png; path = Default.png; sourceTree = "<group>"; };
		DD3FD94117464BB4003DE202 /* Default@2x.png */ = {isa = PBXFileReference; lastKnownFileType = image.png; path = "Default@2x.png"; sourceTree = "<group>"; };
		DD3FD94317464BB4003DE202 /* Default-568h@2x.png */ = {isa = PBXFileReference; lastKnownFileType = image.png; path = "Default-568h@2x.png"; sourceTree = "<group>"; };
		DD3FD94A17465139003DE202 /* Icon.png */ = {isa = PBXFileReference; lastKnownFileType = image.png; path = Icon.png; sourceTree = "<group>"; };
		DD3FD94C1746513C003DE202 /* Icon@2x.png */ = {isa = PBXFileReference; lastKnownFileType = image.png; path = "Icon@2x.png"; sourceTree = "<group>"; };
		DD3FD94E17465146003DE202 /* Default.png */ = {isa = PBXFileReference; lastKnownFileType = image.png; path = Default.png; sourceTree = "<group>"; };
		DD3FD9501746515B003DE202 /* Default@2x.png */ = {isa = PBXFileReference; lastKnownFileType = image.png; path = "Default@2x.png"; sourceTree = "<group>"; };
		DD3FD952174652C8003DE202 /* Default-568h@2x.png */ = {isa = PBXFileReference; lastKnownFileType = image.png; path = "Default-568h@2x.png"; sourceTree = "<group>"; };
		DD3FD9541746534E003DE202 /* API.h */ = {isa = PBXFileReference; lastKnownFileType = sourcecode.c.h; path = API.h; sourceTree = "<group>"; };
		DD3FD955174654C5003DE202 /* Theme.h */ = {isa = PBXFileReference; lastKnownFileType = sourcecode.c.h; path = Theme.h; sourceTree = "<group>"; };
		DD3FD95A1746585F003DE202 /* Parse.framework */ = {isa = PBXFileReference; lastKnownFileType = wrapper.framework; path = Parse.framework; sourceTree = "<group>"; };
		DD3FD95D174658EC003DE202 /* Flurry.h */ = {isa = PBXFileReference; fileEncoding = 4; lastKnownFileType = sourcecode.c.h; path = Flurry.h; sourceTree = "<group>"; };
		DD3FD95E174658EC003DE202 /* libFlurry.a */ = {isa = PBXFileReference; lastKnownFileType = archive.ar; path = libFlurry.a; sourceTree = "<group>"; };
/* End PBXFileReference section */

/* Begin PBXFrameworksBuildPhase section */
		DD3FD92117464BB4003DE202 /* Frameworks */ = {
			isa = PBXFrameworksBuildPhase;
			buildActionMask = 2147483647;
			files = (
				DD3FD92817464BB4003DE202 /* UIKit.framework in Frameworks */,
				DD3FD92A17464BB4003DE202 /* Foundation.framework in Frameworks */,
				DD3FD92C17464BB4003DE202 /* CoreGraphics.framework in Frameworks */,
				BD1679BFEC8E4D3F8D43D2BC /* libPods.a in Frameworks */,
				DD3FD95B1746585F003DE202 /* Parse.framework in Frameworks */,
				DD3FD95F174658EC003DE202 /* libFlurry.a in Frameworks */,
			);
			runOnlyForDeploymentPostprocessing = 0;
		};
/* End PBXFrameworksBuildPhase section */

/* Begin PBXGroup section */
		DD3FD91B17464BB4003DE202 = {
			isa = PBXGroup;
			children = (
				DD3FD952174652C8003DE202 /* Default-568h@2x.png */,
				DD3FD9501746515B003DE202 /* Default@2x.png */,
				DD3FD94E17465146003DE202 /* Default.png */,
				DD3FD94C1746513C003DE202 /* Icon@2x.png */,
				DD3FD94A17465139003DE202 /* Icon.png */,
				DD3FD92D17464BB4003DE202 /* salesucre */,
				DD3FD92617464BB4003DE202 /* Frameworks */,
				DD3FD92517464BB4003DE202 /* Products */,
				77E07B2F641949CFB3FE2D0C /* Pods.xcconfig */,
			);
			sourceTree = "<group>";
		};
		DD3FD92517464BB4003DE202 /* Products */ = {
			isa = PBXGroup;
			children = (
				DD3FD92417464BB4003DE202 /* salesucre.app */,
			);
			name = Products;
			sourceTree = "<group>";
		};
		DD3FD92617464BB4003DE202 /* Frameworks */ = {
			isa = PBXGroup;
			children = (
				DD3FD92717464BB4003DE202 /* UIKit.framework */,
				DD3FD92917464BB4003DE202 /* Foundation.framework */,
				DD3FD92B17464BB4003DE202 /* CoreGraphics.framework */,
				976D2775B86E407CA4B459DD /* libPods.a */,
			);
			name = Frameworks;
			sourceTree = "<group>";
		};
		DD3FD92D17464BB4003DE202 /* salesucre */ = {
			isa = PBXGroup;
			children = (
				DD3FD92E17464BB4003DE202 /* Podfile */,
				DD3FD93C17464BB4003DE202 /* SSAppDelegate.h */,
				DD3FD93D17464BB4003DE202 /* SSAppDelegate.m */,
				DD3FD93217464BB4003DE202 /* Networking */,
				DD3FD95717465825003DE202 /* Vendor */,
				DD3FD956174656C9003DE202 /* Artwork */,
				DD3FD93017464BB4003DE202 /* Supporting Files */,
			);
			path = salesucre;
			sourceTree = "<group>";
		};
		DD3FD93017464BB4003DE202 /* Supporting Files */ = {
			isa = PBXGroup;
			children = (
				DD3FD93117464BB4003DE202 /* salesucre-Prefix.pch */,
				DD3FD9541746534E003DE202 /* API.h */,
				DD3FD955174654C5003DE202 /* Theme.h */,
				DD3FD93617464BB4003DE202 /* salesucre-Info.plist */,
				DD3FD93717464BB4003DE202 /* InfoPlist.strings */,
				DD3FD93A17464BB4003DE202 /* main.m */,
				DD3FD93F17464BB4003DE202 /* Default.png */,
				DD3FD94117464BB4003DE202 /* Default@2x.png */,
				DD3FD94317464BB4003DE202 /* Default-568h@2x.png */,
			);
			name = "Supporting Files";
			sourceTree = "<group>";
		};
		DD3FD93217464BB4003DE202 /* Networking */ = {
			isa = PBXGroup;
			children = (
				DD3FD93317464BB4003DE202 /* salesucreAPIClient.h */,
				DD3FD93417464BB4003DE202 /* salesucreAPIClient.m */,
			);
			name = Networking;
			sourceTree = "<group>";
		};
		DD3FD956174656C9003DE202 /* Artwork */ = {
			isa = PBXGroup;
			children = (
			);
			name = Artwork;
			sourceTree = "<group>";
		};
		DD3FD95717465825003DE202 /* Vendor */ = {
			isa = PBXGroup;
			children = (
				DD3FD95917465836003DE202 /* Flurry */,
				DD3FD95817465830003DE202 /* Parse */,
			);
			name = Vendor;
			sourceTree = "<group>";
		};
		DD3FD95817465830003DE202 /* Parse */ = {
			isa = PBXGroup;
			children = (
				DD3FD95A1746585F003DE202 /* Parse.framework */,
			);
			name = Parse;
			sourceTree = "<group>";
		};
		DD3FD95917465836003DE202 /* Flurry */ = {
			isa = PBXGroup;
			children = (
				DD3FD95C174658EC003DE202 /* Flurry */,
			);
			name = Flurry;
			sourceTree = "<group>";
		};
		DD3FD95C174658EC003DE202 /* Flurry */ = {
			isa = PBXGroup;
			children = (
				DD3FD95D174658EC003DE202 /* Flurry.h */,
				DD3FD95E174658EC003DE202 /* libFlurry.a */,
			);
			path = Flurry;
			sourceTree = "<group>";
		};
/* End PBXGroup section */

/* Begin PBXNativeTarget section */
		DD3FD92317464BB4003DE202 /* salesucre */ = {
			isa = PBXNativeTarget;
			buildConfigurationList = DD3FD94717464BB4003DE202 /* Build configuration list for PBXNativeTarget "salesucre" */;
			buildPhases = (
				61295EFA6576418BAFD34FCF /* Check Pods Manifest.lock */,
				DD3FD92017464BB4003DE202 /* Sources */,
				DD3FD92117464BB4003DE202 /* Frameworks */,
				DD3FD92217464BB4003DE202 /* Resources */,
				40F8204D3918469D8F4C621F /* Copy Pods Resources */,
			);
			buildRules = (
			);
			dependencies = (
			);
			name = salesucre;
			productName = salesucre;
			productReference = DD3FD92417464BB4003DE202 /* salesucre.app */;
			productType = "com.apple.product-type.application";
		};
/* End PBXNativeTarget section */

/* Begin PBXProject section */
		DD3FD91C17464BB4003DE202 /* Project object */ = {
			isa = PBXProject;
			attributes = {
				CLASSPREFIX = SS;
				LastUpgradeCheck = 0460;
				ORGANIZATIONNAME = "Haitham Reda";
			};
			buildConfigurationList = DD3FD91F17464BB4003DE202 /* Build configuration list for PBXProject "salesucre" */;
			compatibilityVersion = "Xcode 3.2";
			developmentRegion = English;
			hasScannedForEncodings = 0;
			knownRegions = (
				en,
			);
			mainGroup = DD3FD91B17464BB4003DE202;
			productRefGroup = DD3FD92517464BB4003DE202 /* Products */;
			projectDirPath = "";
			projectRoot = "";
			targets = (
				DD3FD92317464BB4003DE202 /* salesucre */,
			);
		};
/* End PBXProject section */

/* Begin PBXResourcesBuildPhase section */
		DD3FD92217464BB4003DE202 /* Resources */ = {
			isa = PBXResourcesBuildPhase;
			buildActionMask = 2147483647;
			files = (
				DD3FD92F17464BB4003DE202 /* Podfile in Resources */,
				DD3FD93917464BB4003DE202 /* InfoPlist.strings in Resources */,
				DD3FD94017464BB4003DE202 /* Default.png in Resources */,
				DD3FD94217464BB4003DE202 /* Default@2x.png in Resources */,
				DD3FD94417464BB4003DE202 /* Default-568h@2x.png in Resources */,
				DD3FD94B17465139003DE202 /* Icon.png in Resources */,
				DD3FD94D1746513C003DE202 /* Icon@2x.png in Resources */,
				DD3FD94F17465146003DE202 /* Default.png in Resources */,
				DD3FD9511746515B003DE202 /* Default@2x.png in Resources */,
				DD3FD953174652C8003DE202 /* Default-568h@2x.png in Resources */,
			);
			runOnlyForDeploymentPostprocessing = 0;
		};
/* End PBXResourcesBuildPhase section */

/* Begin PBXShellScriptBuildPhase section */
		40F8204D3918469D8F4C621F /* Copy Pods Resources */ = {
			isa = PBXShellScriptBuildPhase;
			buildActionMask = 2147483647;
			files = (
			);
			inputPaths = (
			);
			name = "Copy Pods Resources";
			outputPaths = (
			);
			runOnlyForDeploymentPostprocessing = 0;
			shellPath = /bin/sh;
			shellScript = "\"${SRCROOT}/Pods/Pods-resources.sh\"\n";
		};
		61295EFA6576418BAFD34FCF /* Check Pods Manifest.lock */ = {
			isa = PBXShellScriptBuildPhase;
			buildActionMask = 2147483647;
			files = (
			);
			inputPaths = (
			);
			name = "Check Pods Manifest.lock";
			outputPaths = (
			);
			runOnlyForDeploymentPostprocessing = 0;
			shellPath = /bin/sh;
			shellScript = "diff \"${PODS_ROOT}/../Podfile.lock\" \"${PODS_ROOT}/Manifest.lock\" > /dev/null\nif [[ $? != 0 ]] ; then\n    cat << EOM\nerror: The sandbox is not in sync with the Podfile.lock. Run 'pod install' or update your CocoaPods installation.\nEOM\n    exit 1\nfi\n";
		};
/* End PBXShellScriptBuildPhase section */

/* Begin PBXSourcesBuildPhase section */
		DD3FD92017464BB4003DE202 /* Sources */ = {
			isa = PBXSourcesBuildPhase;
			buildActionMask = 2147483647;
			files = (
				DD3FD93517464BB4003DE202 /* salesucreAPIClient.m in Sources */,
				DD3FD93B17464BB4003DE202 /* main.m in Sources */,
				DD3FD93E17464BB4003DE202 /* SSAppDelegate.m in Sources */,
			);
			runOnlyForDeploymentPostprocessing = 0;
		};
/* End PBXSourcesBuildPhase section */

/* Begin PBXVariantGroup section */
		DD3FD93717464BB4003DE202 /* InfoPlist.strings */ = {
			isa = PBXVariantGroup;
			children = (
				DD3FD93817464BB4003DE202 /* en */,
			);
			name = InfoPlist.strings;
			sourceTree = "<group>";
		};
/* End PBXVariantGroup section */

/* Begin XCBuildConfiguration section */
		DD3FD94517464BB4003DE202 /* Debug */ = {
			isa = XCBuildConfiguration;
			buildSettings = {
				ALWAYS_SEARCH_USER_PATHS = NO;
				CLANG_CXX_LANGUAGE_STANDARD = "gnu++0x";
				CLANG_CXX_LIBRARY = "libc++";
				CLANG_ENABLE_OBJC_ARC = YES;
				CLANG_WARN_CONSTANT_CONVERSION = YES;
				CLANG_WARN_EMPTY_BODY = YES;
				CLANG_WARN_ENUM_CONVERSION = YES;
				CLANG_WARN_INT_CONVERSION = YES;
				CLANG_WARN__DUPLICATE_METHOD_MATCH = YES;
				"CODE_SIGN_IDENTITY[sdk=iphoneos*]" = "iPhone Developer";
				COPY_PHASE_STRIP = NO;
				GCC_C_LANGUAGE_STANDARD = gnu99;
				GCC_DYNAMIC_NO_PIC = NO;
				GCC_OPTIMIZATION_LEVEL = 0;
				GCC_PREPROCESSOR_DEFINITIONS = (
					"DEBUG=1",
					"$(inherited)",
				);
				GCC_SYMBOLS_PRIVATE_EXTERN = NO;
				GCC_WARN_ABOUT_RETURN_TYPE = YES;
				GCC_WARN_UNINITIALIZED_AUTOS = YES;
				GCC_WARN_UNUSED_VARIABLE = YES;
				IPHONEOS_DEPLOYMENT_TARGET = 5.0;
				ONLY_ACTIVE_ARCH = YES;
				SDKROOT = iphoneos;
			};
			name = Debug;
		};
		DD3FD94617464BB4003DE202 /* Release */ = {
			isa = XCBuildConfiguration;
			buildSettings = {
				ALWAYS_SEARCH_USER_PATHS = NO;
				CLANG_CXX_LANGUAGE_STANDARD = "gnu++0x";
				CLANG_CXX_LIBRARY = "libc++";
				CLANG_ENABLE_OBJC_ARC = YES;
				CLANG_WARN_CONSTANT_CONVERSION = YES;
				CLANG_WARN_EMPTY_BODY = YES;
				CLANG_WARN_ENUM_CONVERSION = YES;
				CLANG_WARN_INT_CONVERSION = YES;
				CLANG_WARN__DUPLICATE_METHOD_MATCH = YES;
				"CODE_SIGN_IDENTITY[sdk=iphoneos*]" = "iPhone Developer";
				COPY_PHASE_STRIP = YES;
				GCC_C_LANGUAGE_STANDARD = gnu99;
				GCC_WARN_ABOUT_RETURN_TYPE = YES;
				GCC_WARN_UNINITIALIZED_AUTOS = YES;
				GCC_WARN_UNUSED_VARIABLE = YES;
				IPHONEOS_DEPLOYMENT_TARGET = 5.0;
				OTHER_CFLAGS = "-DNS_BLOCK_ASSERTIONS=1";
				SDKROOT = iphoneos;
				VALIDATE_PRODUCT = YES;
			};
			name = Release;
		};
		DD3FD94817464BB4003DE202 /* Debug */ = {
			isa = XCBuildConfiguration;
			baseConfigurationReference = 77E07B2F641949CFB3FE2D0C /* Pods.xcconfig */;
			buildSettings = {
				FRAMEWORK_SEARCH_PATHS = (
					"$(inherited)",
					"\"$(SRCROOT)/salesucre\"",
				);
				GCC_PRECOMPILE_PREFIX_HEADER = YES;
				GCC_PREFIX_HEADER = "salesucre/salesucre-Prefix.pch";
				INFOPLIST_FILE = "salesucre/salesucre-Info.plist";
				IPHONEOS_DEPLOYMENT_TARGET = 5.0;
				LIBRARY_SEARCH_PATHS = (
					"$(inherited)",
					"\"$(SRCROOT)/salesucre/Flurry\"",
				);
				PRODUCT_NAME = "$(TARGET_NAME)";
				WRAPPER_EXTENSION = app;
			};
			name = Debug;
		};
		DD3FD94917464BB4003DE202 /* Release */ = {
			isa = XCBuildConfiguration;
			baseConfigurationReference = 77E07B2F641949CFB3FE2D0C /* Pods.xcconfig */;
			buildSettings = {
				FRAMEWORK_SEARCH_PATHS = (
					"$(inherited)",
					"\"$(SRCROOT)/salesucre\"",
				);
				GCC_PRECOMPILE_PREFIX_HEADER = YES;
				GCC_PREFIX_HEADER = "salesucre/salesucre-Prefix.pch";
				INFOPLIST_FILE = "salesucre/salesucre-Info.plist";
				IPHONEOS_DEPLOYMENT_TARGET = 5.0;
				LIBRARY_SEARCH_PATHS = (
					"$(inherited)",
					"\"$(SRCROOT)/salesucre/Flurry\"",
				);
				PRODUCT_NAME = "$(TARGET_NAME)";
				WRAPPER_EXTENSION = app;
			};
			name = Release;
		};
/* End XCBuildConfiguration section */

/* Begin XCConfigurationList section */
		DD3FD91F17464BB4003DE202 /* Build configuration list for PBXProject "salesucre" */ = {
			isa = XCConfigurationList;
			buildConfigurations = (
				DD3FD94517464BB4003DE202 /* Debug */,
				DD3FD94617464BB4003DE202 /* Release */,
			);
			defaultConfigurationIsVisible = 0;
			defaultConfigurationName = Release;
		};
		DD3FD94717464BB4003DE202 /* Build configuration list for PBXNativeTarget "salesucre" */ = {
			isa = XCConfigurationList;
			buildConfigurations = (
				DD3FD94817464BB4003DE202 /* Debug */,
				DD3FD94917464BB4003DE202 /* Release */,
			);
			defaultConfigurationIsVisible = 0;
			defaultConfigurationName = Release;
		};
/* End XCConfigurationList section */
	};
	rootObject = DD3FD91C17464BB4003DE202 /* Project object */;
}
