// !$*UTF8*$!
{
	archiveVersion = 1;
	classes = {
	};
	objectVersion = 46;
	objects = {

/* Begin PBXBuildFile section */
		00312351175CD047001961FD /* MessageUI.framework in Frameworks */ = {isa = PBXBuildFile; fileRef = 00312350175CD047001961FD /* MessageUI.framework */; };
		00E775A1175CA9B500FAFE13 /* SSMoreViewController.m in Sources */ = {isa = PBXBuildFile; fileRef = 00E775A0175CA9B500FAFE13 /* SSMoreViewController.m */; };
		00E775A4175CB0CD00FAFE13 /* call-icon.png in Resources */ = {isa = PBXBuildFile; fileRef = 00E775A2175CB0CD00FAFE13 /* call-icon.png */; };
		00E775A5175CB0CD00FAFE13 /* call-icon@2x.png in Resources */ = {isa = PBXBuildFile; fileRef = 00E775A3175CB0CD00FAFE13 /* call-icon@2x.png */; };
		00E775A8175CB24400FAFE13 /* SSPopupViewController.m in Sources */ = {isa = PBXBuildFile; fileRef = 00E775A7175CB24400FAFE13 /* SSPopupViewController.m */; };
		00E775AA175CB4D000FAFE13 /* PopupView.xib in Resources */ = {isa = PBXBuildFile; fileRef = 00E775A9175CB4CF00FAFE13 /* PopupView.xib */; };
		BD1679BFEC8E4D3F8D43D2BC /* libPods.a in Frameworks */ = {isa = PBXBuildFile; fileRef = 976D2775B86E407CA4B459DD /* libPods.a */; };
		DD1723FC174CDB18005EB25A /* app-background.png in Resources */ = {isa = PBXBuildFile; fileRef = DD1723FA174CDB18005EB25A /* app-background.png */; };
		DD1723FD174CDB18005EB25A /* app-background@2x.png in Resources */ = {isa = PBXBuildFile; fileRef = DD1723FB174CDB18005EB25A /* app-background@2x.png */; };
		DD1EBA881754FC88003A32B4 /* Accounts.framework in Frameworks */ = {isa = PBXBuildFile; fileRef = DD1EBA871754FC88003A32B4 /* Accounts.framework */; settings = {ATTRIBUTES = (Weak, ); }; };
		DD1EBA8A1754FCA6003A32B4 /* Social.framework in Frameworks */ = {isa = PBXBuildFile; fileRef = DD1EBA891754FCA6003A32B4 /* Social.framework */; settings = {ATTRIBUTES = (Weak, ); }; };
		DD1EBA8C1754FE69003A32B4 /* Twitter.framework in Frameworks */ = {isa = PBXBuildFile; fileRef = DD1EBA8B1754FE69003A32B4 /* Twitter.framework */; settings = {ATTRIBUTES = (Weak, ); }; };
		DD27C9AA174D79520069CCFF /* navbar-background.png in Resources */ = {isa = PBXBuildFile; fileRef = DD27C9A8174D79520069CCFF /* navbar-background.png */; };
		DD27C9AB174D79520069CCFF /* navbar-background@2x.png in Resources */ = {isa = PBXBuildFile; fileRef = DD27C9A9174D79520069CCFF /* navbar-background@2x.png */; };
		DD3D26BF1748F2D800A49116 /* Images.m in Sources */ = {isa = PBXBuildFile; fileRef = DD3D26BE1748F2D800A49116 /* Images.m */; };
		DD3D26CE1748FBE700A49116 /* SSBranchesViewController.m in Sources */ = {isa = PBXBuildFile; fileRef = DD3D26CD1748FBE700A49116 /* SSBranchesViewController.m */; };
		DD3DB5F5174687AE00F7D014 /* SSCell.m in Sources */ = {isa = PBXBuildFile; fileRef = DD3DB5F4174687AE00F7D014 /* SSCell.m */; };
		DD3DB5F8174688B500F7D014 /* salesucre.xcdatamodeld in Sources */ = {isa = PBXBuildFile; fileRef = DD3DB5F6174688B500F7D014 /* salesucre.xcdatamodeld */; };
		DD3DB5FB1746895C00F7D014 /* SSCategory.m in Sources */ = {isa = PBXBuildFile; fileRef = DD3DB5FA1746895C00F7D014 /* SSCategory.m */; };
		DD3DB5FD17468A4200F7D014 /* MainStoryboard.storyboard in Resources */ = {isa = PBXBuildFile; fileRef = DD3DB5FC17468A4200F7D014 /* MainStoryboard.storyboard */; };
		DD3DB60017468C4F00F7D014 /* SSMenuViewController.m in Sources */ = {isa = PBXBuildFile; fileRef = DD3DB5FF17468C4F00F7D014 /* SSMenuViewController.m */; };
		DD3DB60417468E7C00F7D014 /* SSSplashViewController.m in Sources */ = {isa = PBXBuildFile; fileRef = DD3DB60217468E7C00F7D014 /* SSSplashViewController.m */; };
		DD3DB60717468FBC00F7D014 /* SSSplashViewController.xib in Resources */ = {isa = PBXBuildFile; fileRef = DD3DB60617468FBC00F7D014 /* SSSplashViewController.xib */; };
		DD3F794617539AEB001530B1 /* list-arrow.png in Resources */ = {isa = PBXBuildFile; fileRef = DD3F794417539AEB001530B1 /* list-arrow.png */; };
		DD3F794717539AEB001530B1 /* list-arrow@2x.png in Resources */ = {isa = PBXBuildFile; fileRef = DD3F794517539AEB001530B1 /* list-arrow@2x.png */; };
		DD3F794917539D2E001530B1 /* GestaSemiCond-Medium.ttf in Resources */ = {isa = PBXBuildFile; fileRef = DD3F794817539D2E001530B1 /* GestaSemiCond-Medium.ttf */; };
		DD3FD92817464BB4003DE202 /* UIKit.framework in Frameworks */ = {isa = PBXBuildFile; fileRef = DD3FD92717464BB4003DE202 /* UIKit.framework */; };
		DD3FD92A17464BB4003DE202 /* Foundation.framework in Frameworks */ = {isa = PBXBuildFile; fileRef = DD3FD92917464BB4003DE202 /* Foundation.framework */; };
		DD3FD92C17464BB4003DE202 /* CoreGraphics.framework in Frameworks */ = {isa = PBXBuildFile; fileRef = DD3FD92B17464BB4003DE202 /* CoreGraphics.framework */; };
		DD3FD92F17464BB4003DE202 /* Podfile in Resources */ = {isa = PBXBuildFile; fileRef = DD3FD92E17464BB4003DE202 /* Podfile */; };
		DD3FD93917464BB4003DE202 /* InfoPlist.strings in Resources */ = {isa = PBXBuildFile; fileRef = DD3FD93717464BB4003DE202 /* InfoPlist.strings */; };
		DD3FD93B17464BB4003DE202 /* main.m in Sources */ = {isa = PBXBuildFile; fileRef = DD3FD93A17464BB4003DE202 /* main.m */; };
		DD3FD93E17464BB4003DE202 /* SSAppDelegate.m in Sources */ = {isa = PBXBuildFile; fileRef = DD3FD93D17464BB4003DE202 /* SSAppDelegate.m */; };
		DD3FD94017464BB4003DE202 /* Default.png in Resources */ = {isa = PBXBuildFile; fileRef = DD3FD93F17464BB4003DE202 /* Default.png */; };
		DD3FD94217464BB4003DE202 /* Default@2x.png in Resources */ = {isa = PBXBuildFile; fileRef = DD3FD94117464BB4003DE202 /* Default@2x.png */; };
		DD3FD94417464BB4003DE202 /* Default-568h@2x.png in Resources */ = {isa = PBXBuildFile; fileRef = DD3FD94317464BB4003DE202 /* Default-568h@2x.png */; };
		DD3FD94B17465139003DE202 /* Icon.png in Resources */ = {isa = PBXBuildFile; fileRef = DD3FD94A17465139003DE202 /* Icon.png */; };
		DD3FD94D1746513C003DE202 /* Icon@2x.png in Resources */ = {isa = PBXBuildFile; fileRef = DD3FD94C1746513C003DE202 /* Icon@2x.png */; };
		DD3FD94F17465146003DE202 /* Default.png in Resources */ = {isa = PBXBuildFile; fileRef = DD3FD94E17465146003DE202 /* Default.png */; };
		DD3FD9511746515B003DE202 /* Default@2x.png in Resources */ = {isa = PBXBuildFile; fileRef = DD3FD9501746515B003DE202 /* Default@2x.png */; };
		DD3FD953174652C8003DE202 /* Default-568h@2x.png in Resources */ = {isa = PBXBuildFile; fileRef = DD3FD952174652C8003DE202 /* Default-568h@2x.png */; };
		DD3FD96217465BBD003DE202 /* SSAPIClient.m in Sources */ = {isa = PBXBuildFile; fileRef = DD3FD96117465BBD003DE202 /* SSAPIClient.m */; };
		DD3FD96517465CF0003DE202 /* NSDictionary+objectForKeyList.m in Sources */ = {isa = PBXBuildFile; fileRef = DD3FD96417465CF0003DE202 /* NSDictionary+objectForKeyList.m */; };
		DD3FD96817465D68003DE202 /* SSIncrementalStore.m in Sources */ = {isa = PBXBuildFile; fileRef = DD3FD96717465D68003DE202 /* SSIncrementalStore.m */; };
		DD3FD96A1746612C003DE202 /* AudioToolbox.framework in Frameworks */ = {isa = PBXBuildFile; fileRef = DD3FD9691746612C003DE202 /* AudioToolbox.framework */; };
		DD3FD971174664B5003DE202 /* libz.1.1.3.dylib in Frameworks */ = {isa = PBXBuildFile; fileRef = DD3FD970174664B5003DE202 /* libz.1.1.3.dylib */; };
		DD49AA4B175C917600CB762A /* notifications-icon-selected.png in Resources */ = {isa = PBXBuildFile; fileRef = DD49AA47175C917600CB762A /* notifications-icon-selected.png */; };
		DD49AA4C175C917600CB762A /* notifications-icon-selected@2x.png in Resources */ = {isa = PBXBuildFile; fileRef = DD49AA48175C917600CB762A /* notifications-icon-selected@2x.png */; };
		DD49AA4D175C917600CB762A /* notifications-icon-unselected.png in Resources */ = {isa = PBXBuildFile; fileRef = DD49AA49175C917600CB762A /* notifications-icon-unselected.png */; };
		DD49AA4E175C917600CB762A /* notifications-icon-unselected@2x.png in Resources */ = {isa = PBXBuildFile; fileRef = DD49AA4A175C917600CB762A /* notifications-icon-unselected@2x.png */; };
		DD49AA53175C917E00CB762A /* settings-icon-selected.png in Resources */ = {isa = PBXBuildFile; fileRef = DD49AA4F175C917E00CB762A /* settings-icon-selected.png */; };
		DD49AA54175C917E00CB762A /* settings-icon-selected@2x.png in Resources */ = {isa = PBXBuildFile; fileRef = DD49AA50175C917E00CB762A /* settings-icon-selected@2x.png */; };
		DD49AA55175C917E00CB762A /* settings-icon-unselected.png in Resources */ = {isa = PBXBuildFile; fileRef = DD49AA51175C917E00CB762A /* settings-icon-unselected.png */; };
		DD49AA56175C917E00CB762A /* settings-icon-unselected@2x.png in Resources */ = {isa = PBXBuildFile; fileRef = DD49AA52175C917E00CB762A /* settings-icon-unselected@2x.png */; };
		DD49AA5B175C937800CB762A /* branches-icon-selected.png in Resources */ = {isa = PBXBuildFile; fileRef = DD49AA57175C937800CB762A /* branches-icon-selected.png */; };
		DD49AA5C175C937800CB762A /* branches-icon-selected@2x.png in Resources */ = {isa = PBXBuildFile; fileRef = DD49AA58175C937800CB762A /* branches-icon-selected@2x.png */; };
		DD49AA5D175C937800CB762A /* branches-icon-unselected.png in Resources */ = {isa = PBXBuildFile; fileRef = DD49AA59175C937800CB762A /* branches-icon-unselected.png */; };
		DD49AA5E175C937800CB762A /* branches-icon-unselected@2x.png in Resources */ = {isa = PBXBuildFile; fileRef = DD49AA5A175C937800CB762A /* branches-icon-unselected@2x.png */; };
		DD49AA61175C9AEB00CB762A /* tabbar-selection-image.png in Resources */ = {isa = PBXBuildFile; fileRef = DD49AA5F175C9AEB00CB762A /* tabbar-selection-image.png */; };
		DD49AA62175C9AEB00CB762A /* tabbar-selection-image@2x.png in Resources */ = {isa = PBXBuildFile; fileRef = DD49AA60175C9AEB00CB762A /* tabbar-selection-image@2x.png */; };
		DD4B51D4174E2D530011EBE0 /* cell-background.png in Resources */ = {isa = PBXBuildFile; fileRef = DD4B51D2174E2D530011EBE0 /* cell-background.png */; };
		DD4B51D5174E2D530011EBE0 /* cell-background@2x.png in Resources */ = {isa = PBXBuildFile; fileRef = DD4B51D3174E2D530011EBE0 /* cell-background@2x.png */; };
		DD4B51D8174E36B30011EBE0 /* salesucre-logo.png in Resources */ = {isa = PBXBuildFile; fileRef = DD4B51D6174E36B30011EBE0 /* salesucre-logo.png */; };
		DD4B51D9174E36B30011EBE0 /* salesucre-logo@2x.png in Resources */ = {isa = PBXBuildFile; fileRef = DD4B51D7174E36B30011EBE0 /* salesucre-logo@2x.png */; };
		DD4B51DC174E61110011EBE0 /* Crashlytics.framework in Frameworks */ = {isa = PBXBuildFile; fileRef = DD4B51DB174E61110011EBE0 /* Crashlytics.framework */; };
		DD4B51DF174E649C0011EBE0 /* section-header-view-background.png in Resources */ = {isa = PBXBuildFile; fileRef = DD4B51DD174E649C0011EBE0 /* section-header-view-background.png */; };
		DD4B51E0174E649C0011EBE0 /* section-header-view-background@2x.png in Resources */ = {isa = PBXBuildFile; fileRef = DD4B51DE174E649C0011EBE0 /* section-header-view-background@2x.png */; };
		DD53CED81752253E0082F965 /* thumbnail-placeholder.png in Resources */ = {isa = PBXBuildFile; fileRef = DD53CED61752253E0082F965 /* thumbnail-placeholder.png */; };
		DD53CED91752253E0082F965 /* thumbnail-placeholder@2x.png in Resources */ = {isa = PBXBuildFile; fileRef = DD53CED71752253E0082F965 /* thumbnail-placeholder@2x.png */; };
		DD9184C3174CC03000441245 /* gallery-placeholder.png in Resources */ = {isa = PBXBuildFile; fileRef = DD9184C1174CC03000441245 /* gallery-placeholder.png */; };
		DD9184C4174CC03000441245 /* gallery-placeholder@2x.png in Resources */ = {isa = PBXBuildFile; fileRef = DD9184C2174CC03000441245 /* gallery-placeholder@2x.png */; };
		DD9184C7174CC30200441245 /* UIColor+Helpers.m in Sources */ = {isa = PBXBuildFile; fileRef = DD9184C6174CC30200441245 /* UIColor+Helpers.m */; };
		DD9DE97D175E4D1E00A68E98 /* SSContacts.m in Sources */ = {isa = PBXBuildFile; fileRef = DD9DE97C175E4D1E00A68E98 /* SSContacts.m */; };
		DDABA67B17C94815003EE5C0 /* AdSupport.framework in Frameworks */ = {isa = PBXBuildFile; fileRef = DDABA67A17C94815003EE5C0 /* AdSupport.framework */; };
		DDABA67D17C94835003EE5C0 /* Security.framework in Frameworks */ = {isa = PBXBuildFile; fileRef = DDABA67C17C94835003EE5C0 /* Security.framework */; };
		DDABA68117C94874003EE5C0 /* libFlurry_4.2.3.a in Frameworks */ = {isa = PBXBuildFile; fileRef = DDABA68017C94874003EE5C0 /* libFlurry_4.2.3.a */; };
		DDAE4FCA17595B8100475327 /* price-tag.png in Resources */ = {isa = PBXBuildFile; fileRef = DDAE4FC817595B8100475327 /* price-tag.png */; };
		DDAE4FCB17595B8100475327 /* price-tag@2x.png in Resources */ = {isa = PBXBuildFile; fileRef = DDAE4FC917595B8100475327 /* price-tag@2x.png */; };
		DDAE4FCE1759609D00475327 /* call-icon.png in Resources */ = {isa = PBXBuildFile; fileRef = DDAE4FCC1759609D00475327 /* call-icon.png */; };
		DDAE4FCF1759609D00475327 /* call-icon@2x.png in Resources */ = {isa = PBXBuildFile; fileRef = DDAE4FCD1759609D00475327 /* call-icon@2x.png */; };
		DDAE4FE417596D7C00475327 /* menu-icon-selected.png in Resources */ = {isa = PBXBuildFile; fileRef = DDAE4FE017596D7C00475327 /* menu-icon-selected.png */; };
		DDAE4FE517596D7C00475327 /* menu-icon-selected@2x.png in Resources */ = {isa = PBXBuildFile; fileRef = DDAE4FE117596D7C00475327 /* menu-icon-selected@2x.png */; };
		DDAE4FE617596D7C00475327 /* menu-icon-unselected.png in Resources */ = {isa = PBXBuildFile; fileRef = DDAE4FE217596D7C00475327 /* menu-icon-unselected.png */; };
		DDAE4FE717596D7C00475327 /* menu-icon-unselected@2x.png in Resources */ = {isa = PBXBuildFile; fileRef = DDAE4FE317596D7C00475327 /* menu-icon-unselected@2x.png */; };
		DDAE4FF6175973FB00475327 /* tabbar-tint-image.png in Resources */ = {isa = PBXBuildFile; fileRef = DDAE4FF4175973FB00475327 /* tabbar-tint-image.png */; };
		DDAE4FF91759754900475327 /* tabbar-tint-image@2x.png in Resources */ = {isa = PBXBuildFile; fileRef = DDAE4FF81759754900475327 /* tabbar-tint-image@2x.png */; };
		DDB81898174B91B8008E0D38 /* SSBranchDetailsViewController.m in Sources */ = {isa = PBXBuildFile; fileRef = DDB81897174B91B8008E0D38 /* SSBranchDetailsViewController.m */; };
		DDB8189A174B9552008E0D38 /* MapKit.framework in Frameworks */ = {isa = PBXBuildFile; fileRef = DDB81899174B9552008E0D38 /* MapKit.framework */; };
		DDCEF6DE1746FAC800EFD1AF /* SSProductListViewController.m in Sources */ = {isa = PBXBuildFile; fileRef = DDCEF6DD1746FAC800EFD1AF /* SSProductListViewController.m */; };
		DDCEF6E11747008C00EFD1AF /* SSMenuItem.m in Sources */ = {isa = PBXBuildFile; fileRef = DDCEF6E01747008C00EFD1AF /* SSMenuItem.m */; };
		DDDD2A5A175E4C5300DF4966 /* Branch.m in Sources */ = {isa = PBXBuildFile; fileRef = DDDD2A59175E4C5300DF4966 /* Branch.m */; };
		DDF251E3174D072500386B8B /* SSNotificationsViewController.m in Sources */ = {isa = PBXBuildFile; fileRef = DDF251E2174D072500386B8B /* SSNotificationsViewController.m */; };
		DDF251E6174D0BCF00386B8B /* SSNotification.m in Sources */ = {isa = PBXBuildFile; fileRef = DDF251E5174D0BCF00386B8B /* SSNotification.m */; };
		DDF251E9174D0DE500386B8B /* SSNotificationCell.m in Sources */ = {isa = PBXBuildFile; fileRef = DDF251E8174D0DE500386B8B /* SSNotificationCell.m */; };
		DDF2B9BE174D7CC800545849 /* tabbar-background.png in Resources */ = {isa = PBXBuildFile; fileRef = DDF2B9BC174D7CC800545849 /* tabbar-background.png */; };
		DDF2B9BF174D7CC800545849 /* tabbar-background@2x.png in Resources */ = {isa = PBXBuildFile; fileRef = DDF2B9BD174D7CC800545849 /* tabbar-background@2x.png */; };
		DDF7B8E6174C30F900A93E51 /* SSProductDetailsViewController.m in Sources */ = {isa = PBXBuildFile; fileRef = DDF7B8E5174C30F900A93E51 /* SSProductDetailsViewController.m */; };
		DDFF4226174D41EC008A495A /* SSBranchLocation.m in Sources */ = {isa = PBXBuildFile; fileRef = DDFF4225174D41EC008A495A /* SSBranchLocation.m */; };
/* End PBXBuildFile section */

/* Begin PBXFileReference section */
		00312350175CD047001961FD /* MessageUI.framework */ = {isa = PBXFileReference; lastKnownFileType = wrapper.framework; name = MessageUI.framework; path = System/Library/Frameworks/MessageUI.framework; sourceTree = SDKROOT; };
		00E7759F175CA9B500FAFE13 /* SSMoreViewController.h */ = {isa = PBXFileReference; fileEncoding = 4; lastKnownFileType = sourcecode.c.h; path = SSMoreViewController.h; sourceTree = "<group>"; };
		00E775A0175CA9B500FAFE13 /* SSMoreViewController.m */ = {isa = PBXFileReference; fileEncoding = 4; lastKnownFileType = sourcecode.c.objc; path = SSMoreViewController.m; sourceTree = "<group>"; };
		00E775A2175CB0CD00FAFE13 /* call-icon.png */ = {isa = PBXFileReference; lastKnownFileType = image.png; path = "call-icon.png"; sourceTree = "<group>"; };
		00E775A3175CB0CD00FAFE13 /* call-icon@2x.png */ = {isa = PBXFileReference; lastKnownFileType = image.png; path = "call-icon@2x.png"; sourceTree = "<group>"; };
		00E775A6175CB24400FAFE13 /* SSPopupViewController.h */ = {isa = PBXFileReference; fileEncoding = 4; lastKnownFileType = sourcecode.c.h; path = SSPopupViewController.h; sourceTree = "<group>"; };
		00E775A7175CB24400FAFE13 /* SSPopupViewController.m */ = {isa = PBXFileReference; fileEncoding = 4; lastKnownFileType = sourcecode.c.objc; path = SSPopupViewController.m; sourceTree = "<group>"; };
		00E775A9175CB4CF00FAFE13 /* PopupView.xib */ = {isa = PBXFileReference; fileEncoding = 4; lastKnownFileType = file.xib; path = PopupView.xib; sourceTree = "<group>"; };
		77E07B2F641949CFB3FE2D0C /* Pods.xcconfig */ = {isa = PBXFileReference; includeInIndex = 1; lastKnownFileType = text.xcconfig; name = Pods.xcconfig; path = Pods/Pods.xcconfig; sourceTree = SOURCE_ROOT; };
		976D2775B86E407CA4B459DD /* libPods.a */ = {isa = PBXFileReference; explicitFileType = archive.ar; includeInIndex = 0; path = libPods.a; sourceTree = BUILT_PRODUCTS_DIR; };
		DD1723FA174CDB18005EB25A /* app-background.png */ = {isa = PBXFileReference; lastKnownFileType = image.png; path = "app-background.png"; sourceTree = "<group>"; };
		DD1723FB174CDB18005EB25A /* app-background@2x.png */ = {isa = PBXFileReference; lastKnownFileType = image.png; path = "app-background@2x.png"; sourceTree = "<group>"; };
		DD1EBA871754FC88003A32B4 /* Accounts.framework */ = {isa = PBXFileReference; lastKnownFileType = wrapper.framework; name = Accounts.framework; path = System/Library/Frameworks/Accounts.framework; sourceTree = SDKROOT; };
		DD1EBA891754FCA6003A32B4 /* Social.framework */ = {isa = PBXFileReference; lastKnownFileType = wrapper.framework; name = Social.framework; path = System/Library/Frameworks/Social.framework; sourceTree = SDKROOT; };
		DD1EBA8B1754FE69003A32B4 /* Twitter.framework */ = {isa = PBXFileReference; lastKnownFileType = wrapper.framework; name = Twitter.framework; path = System/Library/Frameworks/Twitter.framework; sourceTree = SDKROOT; };
		DD27C9A8174D79520069CCFF /* navbar-background.png */ = {isa = PBXFileReference; lastKnownFileType = image.png; path = "navbar-background.png"; sourceTree = "<group>"; };
		DD27C9A9174D79520069CCFF /* navbar-background@2x.png */ = {isa = PBXFileReference; lastKnownFileType = image.png; path = "navbar-background@2x.png"; sourceTree = "<group>"; };
		DD3D26BD1748F2D800A49116 /* Images.h */ = {isa = PBXFileReference; fileEncoding = 4; lastKnownFileType = sourcecode.c.h; path = Images.h; sourceTree = "<group>"; };
		DD3D26BE1748F2D800A49116 /* Images.m */ = {isa = PBXFileReference; fileEncoding = 4; lastKnownFileType = sourcecode.c.objc; path = Images.m; sourceTree = "<group>"; };
		DD3D26CC1748FBE600A49116 /* SSBranchesViewController.h */ = {isa = PBXFileReference; fileEncoding = 4; lastKnownFileType = sourcecode.c.h; path = SSBranchesViewController.h; sourceTree = "<group>"; };
		DD3D26CD1748FBE700A49116 /* SSBranchesViewController.m */ = {isa = PBXFileReference; fileEncoding = 4; lastKnownFileType = sourcecode.c.objc; path = SSBranchesViewController.m; sourceTree = "<group>"; };
		DD3DB5F3174687AE00F7D014 /* SSCell.h */ = {isa = PBXFileReference; fileEncoding = 4; lastKnownFileType = sourcecode.c.h; path = SSCell.h; sourceTree = "<group>"; };
		DD3DB5F4174687AE00F7D014 /* SSCell.m */ = {isa = PBXFileReference; fileEncoding = 4; lastKnownFileType = sourcecode.c.objc; path = SSCell.m; sourceTree = "<group>"; };
		DD3DB5F7174688B500F7D014 /* salesucre.xcdatamodel */ = {isa = PBXFileReference; lastKnownFileType = wrapper.xcdatamodel; path = salesucre.xcdatamodel; sourceTree = "<group>"; };
		DD3DB5F91746895C00F7D014 /* SSCategory.h */ = {isa = PBXFileReference; fileEncoding = 4; lastKnownFileType = sourcecode.c.h; path = SSCategory.h; sourceTree = "<group>"; };
		DD3DB5FA1746895C00F7D014 /* SSCategory.m */ = {isa = PBXFileReference; fileEncoding = 4; lastKnownFileType = sourcecode.c.objc; path = SSCategory.m; sourceTree = "<group>"; };
		DD3DB5FC17468A4200F7D014 /* MainStoryboard.storyboard */ = {isa = PBXFileReference; fileEncoding = 4; lastKnownFileType = file.storyboard; path = MainStoryboard.storyboard; sourceTree = "<group>"; };
		DD3DB5FE17468C4E00F7D014 /* SSMenuViewController.h */ = {isa = PBXFileReference; fileEncoding = 4; lastKnownFileType = sourcecode.c.h; path = SSMenuViewController.h; sourceTree = "<group>"; };
		DD3DB5FF17468C4F00F7D014 /* SSMenuViewController.m */ = {isa = PBXFileReference; fileEncoding = 4; lastKnownFileType = sourcecode.c.objc; path = SSMenuViewController.m; sourceTree = "<group>"; };
		DD3DB60117468E7C00F7D014 /* SSSplashViewController.h */ = {isa = PBXFileReference; fileEncoding = 4; lastKnownFileType = sourcecode.c.h; path = SSSplashViewController.h; sourceTree = "<group>"; };
		DD3DB60217468E7C00F7D014 /* SSSplashViewController.m */ = {isa = PBXFileReference; fileEncoding = 4; lastKnownFileType = sourcecode.c.objc; path = SSSplashViewController.m; sourceTree = "<group>"; };
		DD3DB60617468FBC00F7D014 /* SSSplashViewController.xib */ = {isa = PBXFileReference; fileEncoding = 4; lastKnownFileType = file.xib; path = SSSplashViewController.xib; sourceTree = "<group>"; };
		DD3F794417539AEB001530B1 /* list-arrow.png */ = {isa = PBXFileReference; lastKnownFileType = image.png; path = "list-arrow.png"; sourceTree = "<group>"; };
		DD3F794517539AEB001530B1 /* list-arrow@2x.png */ = {isa = PBXFileReference; lastKnownFileType = image.png; path = "list-arrow@2x.png"; sourceTree = "<group>"; };
		DD3F794817539D2E001530B1 /* GestaSemiCond-Medium.ttf */ = {isa = PBXFileReference; lastKnownFileType = file; path = "GestaSemiCond-Medium.ttf"; sourceTree = "<group>"; };
		DD3FD92417464BB4003DE202 /* salesucre.app */ = {isa = PBXFileReference; explicitFileType = wrapper.application; includeInIndex = 0; path = salesucre.app; sourceTree = BUILT_PRODUCTS_DIR; };
		DD3FD92717464BB4003DE202 /* UIKit.framework */ = {isa = PBXFileReference; lastKnownFileType = wrapper.framework; name = UIKit.framework; path = System/Library/Frameworks/UIKit.framework; sourceTree = SDKROOT; };
		DD3FD92917464BB4003DE202 /* Foundation.framework */ = {isa = PBXFileReference; lastKnownFileType = wrapper.framework; name = Foundation.framework; path = System/Library/Frameworks/Foundation.framework; sourceTree = SDKROOT; };
		DD3FD92B17464BB4003DE202 /* CoreGraphics.framework */ = {isa = PBXFileReference; lastKnownFileType = wrapper.framework; name = CoreGraphics.framework; path = System/Library/Frameworks/CoreGraphics.framework; sourceTree = SDKROOT; };
		DD3FD92E17464BB4003DE202 /* Podfile */ = {isa = PBXFileReference; lastKnownFileType = text; name = Podfile; path = ../Podfile; sourceTree = "<group>"; };
		DD3FD93117464BB4003DE202 /* salesucre-Prefix.pch */ = {isa = PBXFileReference; lastKnownFileType = sourcecode.c.h; path = "salesucre-Prefix.pch"; sourceTree = "<group>"; };
		DD3FD93617464BB4003DE202 /* salesucre-Info.plist */ = {isa = PBXFileReference; lastKnownFileType = text.plist.xml; path = "salesucre-Info.plist"; sourceTree = "<group>"; };
		DD3FD93817464BB4003DE202 /* en */ = {isa = PBXFileReference; lastKnownFileType = text.plist.strings; name = en; path = en.lproj/InfoPlist.strings; sourceTree = "<group>"; };
		DD3FD93A17464BB4003DE202 /* main.m */ = {isa = PBXFileReference; lastKnownFileType = sourcecode.c.objc; path = main.m; sourceTree = "<group>"; };
		DD3FD93C17464BB4003DE202 /* SSAppDelegate.h */ = {isa = PBXFileReference; lastKnownFileType = sourcecode.c.h; path = SSAppDelegate.h; sourceTree = "<group>"; };
		DD3FD93D17464BB4003DE202 /* SSAppDelegate.m */ = {isa = PBXFileReference; lastKnownFileType = sourcecode.c.objc; path = SSAppDelegate.m; sourceTree = "<group>"; };
		DD3FD93F17464BB4003DE202 /* Default.png */ = {isa = PBXFileReference; lastKnownFileType = image.png; path = Default.png; sourceTree = "<group>"; };
		DD3FD94117464BB4003DE202 /* Default@2x.png */ = {isa = PBXFileReference; lastKnownFileType = image.png; path = "Default@2x.png"; sourceTree = "<group>"; };
		DD3FD94317464BB4003DE202 /* Default-568h@2x.png */ = {isa = PBXFileReference; lastKnownFileType = image.png; path = "Default-568h@2x.png"; sourceTree = "<group>"; };
		DD3FD94A17465139003DE202 /* Icon.png */ = {isa = PBXFileReference; lastKnownFileType = image.png; path = Icon.png; sourceTree = "<group>"; };
		DD3FD94C1746513C003DE202 /* Icon@2x.png */ = {isa = PBXFileReference; lastKnownFileType = image.png; path = "Icon@2x.png"; sourceTree = "<group>"; };
		DD3FD94E17465146003DE202 /* Default.png */ = {isa = PBXFileReference; lastKnownFileType = image.png; path = Default.png; sourceTree = "<group>"; };
		DD3FD9501746515B003DE202 /* Default@2x.png */ = {isa = PBXFileReference; lastKnownFileType = image.png; path = "Default@2x.png"; sourceTree = "<group>"; };
		DD3FD952174652C8003DE202 /* Default-568h@2x.png */ = {isa = PBXFileReference; lastKnownFileType = image.png; path = "Default-568h@2x.png"; sourceTree = "<group>"; };
		DD3FD9541746534E003DE202 /* API.h */ = {isa = PBXFileReference; lastKnownFileType = sourcecode.c.h; path = API.h; sourceTree = "<group>"; };
		DD3FD955174654C5003DE202 /* Theme.h */ = {isa = PBXFileReference; lastKnownFileType = sourcecode.c.h; path = Theme.h; sourceTree = "<group>"; };
		DD3FD96017465BBD003DE202 /* SSAPIClient.h */ = {isa = PBXFileReference; fileEncoding = 4; lastKnownFileType = sourcecode.c.h; path = SSAPIClient.h; sourceTree = "<group>"; };
		DD3FD96117465BBD003DE202 /* SSAPIClient.m */ = {isa = PBXFileReference; fileEncoding = 4; lastKnownFileType = sourcecode.c.objc; path = SSAPIClient.m; sourceTree = "<group>"; };
		DD3FD96317465CF0003DE202 /* NSDictionary+objectForKeyList.h */ = {isa = PBXFileReference; fileEncoding = 4; lastKnownFileType = sourcecode.c.h; path = "NSDictionary+objectForKeyList.h"; sourceTree = "<group>"; };
		DD3FD96417465CF0003DE202 /* NSDictionary+objectForKeyList.m */ = {isa = PBXFileReference; fileEncoding = 4; lastKnownFileType = sourcecode.c.objc; path = "NSDictionary+objectForKeyList.m"; sourceTree = "<group>"; };
		DD3FD96617465D68003DE202 /* SSIncrementalStore.h */ = {isa = PBXFileReference; fileEncoding = 4; lastKnownFileType = sourcecode.c.h; path = SSIncrementalStore.h; sourceTree = "<group>"; };
		DD3FD96717465D68003DE202 /* SSIncrementalStore.m */ = {isa = PBXFileReference; fileEncoding = 4; lastKnownFileType = sourcecode.c.objc; path = SSIncrementalStore.m; sourceTree = "<group>"; };
		DD3FD9691746612C003DE202 /* AudioToolbox.framework */ = {isa = PBXFileReference; lastKnownFileType = wrapper.framework; name = AudioToolbox.framework; path = System/Library/Frameworks/AudioToolbox.framework; sourceTree = SDKROOT; };
		DD3FD970174664B5003DE202 /* libz.1.1.3.dylib */ = {isa = PBXFileReference; lastKnownFileType = "compiled.mach-o.dylib"; name = libz.1.1.3.dylib; path = usr/lib/libz.1.1.3.dylib; sourceTree = SDKROOT; };
		DD49AA47175C917600CB762A /* notifications-icon-selected.png */ = {isa = PBXFileReference; lastKnownFileType = image.png; path = "notifications-icon-selected.png"; sourceTree = "<group>"; };
		DD49AA48175C917600CB762A /* notifications-icon-selected@2x.png */ = {isa = PBXFileReference; lastKnownFileType = image.png; path = "notifications-icon-selected@2x.png"; sourceTree = "<group>"; };
		DD49AA49175C917600CB762A /* notifications-icon-unselected.png */ = {isa = PBXFileReference; lastKnownFileType = image.png; path = "notifications-icon-unselected.png"; sourceTree = "<group>"; };
		DD49AA4A175C917600CB762A /* notifications-icon-unselected@2x.png */ = {isa = PBXFileReference; lastKnownFileType = image.png; path = "notifications-icon-unselected@2x.png"; sourceTree = "<group>"; };
		DD49AA4F175C917E00CB762A /* settings-icon-selected.png */ = {isa = PBXFileReference; lastKnownFileType = image.png; path = "settings-icon-selected.png"; sourceTree = "<group>"; };
		DD49AA50175C917E00CB762A /* settings-icon-selected@2x.png */ = {isa = PBXFileReference; lastKnownFileType = image.png; path = "settings-icon-selected@2x.png"; sourceTree = "<group>"; };
		DD49AA51175C917E00CB762A /* settings-icon-unselected.png */ = {isa = PBXFileReference; lastKnownFileType = image.png; path = "settings-icon-unselected.png"; sourceTree = "<group>"; };
		DD49AA52175C917E00CB762A /* settings-icon-unselected@2x.png */ = {isa = PBXFileReference; lastKnownFileType = image.png; path = "settings-icon-unselected@2x.png"; sourceTree = "<group>"; };
		DD49AA57175C937800CB762A /* branches-icon-selected.png */ = {isa = PBXFileReference; lastKnownFileType = image.png; path = "branches-icon-selected.png"; sourceTree = "<group>"; };
		DD49AA58175C937800CB762A /* branches-icon-selected@2x.png */ = {isa = PBXFileReference; lastKnownFileType = image.png; path = "branches-icon-selected@2x.png"; sourceTree = "<group>"; };
		DD49AA59175C937800CB762A /* branches-icon-unselected.png */ = {isa = PBXFileReference; lastKnownFileType = image.png; path = "branches-icon-unselected.png"; sourceTree = "<group>"; };
		DD49AA5A175C937800CB762A /* branches-icon-unselected@2x.png */ = {isa = PBXFileReference; lastKnownFileType = image.png; path = "branches-icon-unselected@2x.png"; sourceTree = "<group>"; };
		DD49AA5F175C9AEB00CB762A /* tabbar-selection-image.png */ = {isa = PBXFileReference; lastKnownFileType = image.png; path = "tabbar-selection-image.png"; sourceTree = "<group>"; };
		DD49AA60175C9AEB00CB762A /* tabbar-selection-image@2x.png */ = {isa = PBXFileReference; lastKnownFileType = image.png; path = "tabbar-selection-image@2x.png"; sourceTree = "<group>"; };
		DD4B51D2174E2D530011EBE0 /* cell-background.png */ = {isa = PBXFileReference; lastKnownFileType = image.png; path = "cell-background.png"; sourceTree = "<group>"; };
		DD4B51D3174E2D530011EBE0 /* cell-background@2x.png */ = {isa = PBXFileReference; lastKnownFileType = image.png; path = "cell-background@2x.png"; sourceTree = "<group>"; };
		DD4B51D6174E36B30011EBE0 /* salesucre-logo.png */ = {isa = PBXFileReference; lastKnownFileType = image.png; path = "salesucre-logo.png"; sourceTree = "<group>"; };
		DD4B51D7174E36B30011EBE0 /* salesucre-logo@2x.png */ = {isa = PBXFileReference; lastKnownFileType = image.png; path = "salesucre-logo@2x.png"; sourceTree = "<group>"; };
		DD4B51DB174E61110011EBE0 /* Crashlytics.framework */ = {isa = PBXFileReference; lastKnownFileType = wrapper.framework; path = Crashlytics.framework; sourceTree = "<group>"; };
		DD4B51DD174E649C0011EBE0 /* section-header-view-background.png */ = {isa = PBXFileReference; lastKnownFileType = image.png; path = "section-header-view-background.png"; sourceTree = "<group>"; };
		DD4B51DE174E649C0011EBE0 /* section-header-view-background@2x.png */ = {isa = PBXFileReference; lastKnownFileType = image.png; path = "section-header-view-background@2x.png"; sourceTree = "<group>"; };
		DD53CED61752253E0082F965 /* thumbnail-placeholder.png */ = {isa = PBXFileReference; lastKnownFileType = image.png; path = "thumbnail-placeholder.png"; sourceTree = "<group>"; };
		DD53CED71752253E0082F965 /* thumbnail-placeholder@2x.png */ = {isa = PBXFileReference; lastKnownFileType = image.png; path = "thumbnail-placeholder@2x.png"; sourceTree = "<group>"; };
		DD9184C1174CC03000441245 /* gallery-placeholder.png */ = {isa = PBXFileReference; lastKnownFileType = image.png; path = "gallery-placeholder.png"; sourceTree = "<group>"; };
		DD9184C2174CC03000441245 /* gallery-placeholder@2x.png */ = {isa = PBXFileReference; lastKnownFileType = image.png; path = "gallery-placeholder@2x.png"; sourceTree = "<group>"; };
		DD9184C5174CC30200441245 /* UIColor+Helpers.h */ = {isa = PBXFileReference; fileEncoding = 4; lastKnownFileType = sourcecode.c.h; path = "UIColor+Helpers.h"; sourceTree = "<group>"; };
		DD9184C6174CC30200441245 /* UIColor+Helpers.m */ = {isa = PBXFileReference; fileEncoding = 4; lastKnownFileType = sourcecode.c.objc; path = "UIColor+Helpers.m"; sourceTree = "<group>"; };
		DD9DE97B175E4D1E00A68E98 /* SSContacts.h */ = {isa = PBXFileReference; fileEncoding = 4; lastKnownFileType = sourcecode.c.h; path = SSContacts.h; sourceTree = "<group>"; };
		DD9DE97C175E4D1E00A68E98 /* SSContacts.m */ = {isa = PBXFileReference; fileEncoding = 4; lastKnownFileType = sourcecode.c.objc; path = SSContacts.m; sourceTree = "<group>"; };
		DDABA67A17C94815003EE5C0 /* AdSupport.framework */ = {isa = PBXFileReference; lastKnownFileType = wrapper.framework; name = AdSupport.framework; path = System/Library/Frameworks/AdSupport.framework; sourceTree = SDKROOT; };
		DDABA67C17C94835003EE5C0 /* Security.framework */ = {isa = PBXFileReference; lastKnownFileType = wrapper.framework; name = Security.framework; path = System/Library/Frameworks/Security.framework; sourceTree = SDKROOT; };
		DDABA67F17C94874003EE5C0 /* Flurry.h */ = {isa = PBXFileReference; fileEncoding = 4; lastKnownFileType = sourcecode.c.h; path = Flurry.h; sourceTree = "<group>"; };
		DDABA68017C94874003EE5C0 /* libFlurry_4.2.3.a */ = {isa = PBXFileReference; lastKnownFileType = archive.ar; path = libFlurry_4.2.3.a; sourceTree = "<group>"; };
		DDAE4FC817595B8100475327 /* price-tag.png */ = {isa = PBXFileReference; lastKnownFileType = image.png; path = "price-tag.png"; sourceTree = "<group>"; };
		DDAE4FC917595B8100475327 /* price-tag@2x.png */ = {isa = PBXFileReference; lastKnownFileType = image.png; path = "price-tag@2x.png"; sourceTree = "<group>"; };
		DDAE4FCC1759609D00475327 /* call-icon.png */ = {isa = PBXFileReference; lastKnownFileType = image.png; path = "call-icon.png"; sourceTree = "<group>"; };
		DDAE4FCD1759609D00475327 /* call-icon@2x.png */ = {isa = PBXFileReference; lastKnownFileType = image.png; path = "call-icon@2x.png"; sourceTree = "<group>"; };
		DDAE4FE017596D7C00475327 /* menu-icon-selected.png */ = {isa = PBXFileReference; lastKnownFileType = image.png; path = "menu-icon-selected.png"; sourceTree = "<group>"; };
		DDAE4FE117596D7C00475327 /* menu-icon-selected@2x.png */ = {isa = PBXFileReference; lastKnownFileType = image.png; path = "menu-icon-selected@2x.png"; sourceTree = "<group>"; };
		DDAE4FE217596D7C00475327 /* menu-icon-unselected.png */ = {isa = PBXFileReference; lastKnownFileType = image.png; path = "menu-icon-unselected.png"; sourceTree = "<group>"; };
		DDAE4FE317596D7C00475327 /* menu-icon-unselected@2x.png */ = {isa = PBXFileReference; lastKnownFileType = image.png; path = "menu-icon-unselected@2x.png"; sourceTree = "<group>"; };
		DDAE4FF4175973FB00475327 /* tabbar-tint-image.png */ = {isa = PBXFileReference; lastKnownFileType = image.png; path = "tabbar-tint-image.png"; sourceTree = "<group>"; };
		DDAE4FF81759754900475327 /* tabbar-tint-image@2x.png */ = {isa = PBXFileReference; lastKnownFileType = image.png; path = "tabbar-tint-image@2x.png"; sourceTree = "<group>"; };
		DDB81896174B91B8008E0D38 /* SSBranchDetailsViewController.h */ = {isa = PBXFileReference; fileEncoding = 4; lastKnownFileType = sourcecode.c.h; path = SSBranchDetailsViewController.h; sourceTree = "<group>"; };
		DDB81897174B91B8008E0D38 /* SSBranchDetailsViewController.m */ = {isa = PBXFileReference; fileEncoding = 4; lastKnownFileType = sourcecode.c.objc; path = SSBranchDetailsViewController.m; sourceTree = "<group>"; };
		DDB81899174B9552008E0D38 /* MapKit.framework */ = {isa = PBXFileReference; lastKnownFileType = wrapper.framework; name = MapKit.framework; path = System/Library/Frameworks/MapKit.framework; sourceTree = SDKROOT; };
		DDCEF6DC1746FAC800EFD1AF /* SSProductListViewController.h */ = {isa = PBXFileReference; fileEncoding = 4; lastKnownFileType = sourcecode.c.h; path = SSProductListViewController.h; sourceTree = "<group>"; };
		DDCEF6DD1746FAC800EFD1AF /* SSProductListViewController.m */ = {isa = PBXFileReference; fileEncoding = 4; lastKnownFileType = sourcecode.c.objc; path = SSProductListViewController.m; sourceTree = "<group>"; };
		DDCEF6DF1747008C00EFD1AF /* SSMenuItem.h */ = {isa = PBXFileReference; fileEncoding = 4; lastKnownFileType = sourcecode.c.h; path = SSMenuItem.h; sourceTree = "<group>"; };
		DDCEF6E01747008C00EFD1AF /* SSMenuItem.m */ = {isa = PBXFileReference; fileEncoding = 4; lastKnownFileType = sourcecode.c.objc; path = SSMenuItem.m; sourceTree = "<group>"; };
		DDDD2A58175E4C5300DF4966 /* Branch.h */ = {isa = PBXFileReference; fileEncoding = 4; lastKnownFileType = sourcecode.c.h; path = Branch.h; sourceTree = "<group>"; };
		DDDD2A59175E4C5300DF4966 /* Branch.m */ = {isa = PBXFileReference; fileEncoding = 4; lastKnownFileType = sourcecode.c.objc; path = Branch.m; sourceTree = "<group>"; };
		DDF251E1174D072500386B8B /* SSNotificationsViewController.h */ = {isa = PBXFileReference; fileEncoding = 4; lastKnownFileType = sourcecode.c.h; path = SSNotificationsViewController.h; sourceTree = "<group>"; };
		DDF251E2174D072500386B8B /* SSNotificationsViewController.m */ = {isa = PBXFileReference; fileEncoding = 4; lastKnownFileType = sourcecode.c.objc; path = SSNotificationsViewController.m; sourceTree = "<group>"; };
		DDF251E4174D0BCF00386B8B /* SSNotification.h */ = {isa = PBXFileReference; fileEncoding = 4; lastKnownFileType = sourcecode.c.h; path = SSNotification.h; sourceTree = "<group>"; };
		DDF251E5174D0BCF00386B8B /* SSNotification.m */ = {isa = PBXFileReference; fileEncoding = 4; lastKnownFileType = sourcecode.c.objc; path = SSNotification.m; sourceTree = "<group>"; };
		DDF251E7174D0DE500386B8B /* SSNotificationCell.h */ = {isa = PBXFileReference; fileEncoding = 4; lastKnownFileType = sourcecode.c.h; path = SSNotificationCell.h; sourceTree = "<group>"; };
		DDF251E8174D0DE500386B8B /* SSNotificationCell.m */ = {isa = PBXFileReference; fileEncoding = 4; lastKnownFileType = sourcecode.c.objc; path = SSNotificationCell.m; sourceTree = "<group>"; };
		DDF2B9BC174D7CC800545849 /* tabbar-background.png */ = {isa = PBXFileReference; lastKnownFileType = image.png; path = "tabbar-background.png"; sourceTree = "<group>"; };
		DDF2B9BD174D7CC800545849 /* tabbar-background@2x.png */ = {isa = PBXFileReference; lastKnownFileType = image.png; path = "tabbar-background@2x.png"; sourceTree = "<group>"; };
		DDF7B8E4174C30F900A93E51 /* SSProductDetailsViewController.h */ = {isa = PBXFileReference; fileEncoding = 4; lastKnownFileType = sourcecode.c.h; path = SSProductDetailsViewController.h; sourceTree = "<group>"; };
		DDF7B8E5174C30F900A93E51 /* SSProductDetailsViewController.m */ = {isa = PBXFileReference; fileEncoding = 4; lastKnownFileType = sourcecode.c.objc; path = SSProductDetailsViewController.m; sourceTree = "<group>"; };
		DDFF4224174D41EC008A495A /* SSBranchLocation.h */ = {isa = PBXFileReference; fileEncoding = 4; lastKnownFileType = sourcecode.c.h; path = SSBranchLocation.h; sourceTree = "<group>"; };
		DDFF4225174D41EC008A495A /* SSBranchLocation.m */ = {isa = PBXFileReference; fileEncoding = 4; lastKnownFileType = sourcecode.c.objc; path = SSBranchLocation.m; sourceTree = "<group>"; };
/* End PBXFileReference section */

/* Begin PBXFrameworksBuildPhase section */
		DD3FD92117464BB4003DE202 /* Frameworks */ = {
			isa = PBXFrameworksBuildPhase;
			buildActionMask = 2147483647;
			files = (
				DDABA67D17C94835003EE5C0 /* Security.framework in Frameworks */,
				DDABA67B17C94815003EE5C0 /* AdSupport.framework in Frameworks */,
				00312351175CD047001961FD /* MessageUI.framework in Frameworks */,
				DD1EBA8C1754FE69003A32B4 /* Twitter.framework in Frameworks */,
				DD1EBA8A1754FCA6003A32B4 /* Social.framework in Frameworks */,
				DDABA68117C94874003EE5C0 /* libFlurry_4.2.3.a in Frameworks */,
				DD1EBA881754FC88003A32B4 /* Accounts.framework in Frameworks */,
				DDB8189A174B9552008E0D38 /* MapKit.framework in Frameworks */,
				DD3FD971174664B5003DE202 /* libz.1.1.3.dylib in Frameworks */,
				BD1679BFEC8E4D3F8D43D2BC /* libPods.a in Frameworks */,
				DD3FD96A1746612C003DE202 /* AudioToolbox.framework in Frameworks */,
				DD3FD92817464BB4003DE202 /* UIKit.framework in Frameworks */,
				DD3FD92A17464BB4003DE202 /* Foundation.framework in Frameworks */,
				DD3FD92C17464BB4003DE202 /* CoreGraphics.framework in Frameworks */,
				DD4B51DC174E61110011EBE0 /* Crashlytics.framework in Frameworks */,
			);
			runOnlyForDeploymentPostprocessing = 0;
		};
/* End PBXFrameworksBuildPhase section */

/* Begin PBXGroup section */
		DD27C996174D61790069CCFF /* TableView */ = {
			isa = PBXGroup;
			children = (
				00E775A2175CB0CD00FAFE13 /* call-icon.png */,
				00E775A3175CB0CD00FAFE13 /* call-icon@2x.png */,
				DD3F794417539AEB001530B1 /* list-arrow.png */,
				DD3F794517539AEB001530B1 /* list-arrow@2x.png */,
				DD4B51DD174E649C0011EBE0 /* section-header-view-background.png */,
				DD4B51DE174E649C0011EBE0 /* section-header-view-background@2x.png */,
				DD4B51D2174E2D530011EBE0 /* cell-background.png */,
				DD4B51D3174E2D530011EBE0 /* cell-background@2x.png */,
				DD53CED61752253E0082F965 /* thumbnail-placeholder.png */,
				DD53CED71752253E0082F965 /* thumbnail-placeholder@2x.png */,
			);
			name = TableView;
			sourceTree = "<group>";
		};
		DD27C99B174D681C0069CCFF /* ViewControllers */ = {
			isa = PBXGroup;
			children = (
				DD3DB5FE17468C4E00F7D014 /* SSMenuViewController.h */,
				DD3DB5FF17468C4F00F7D014 /* SSMenuViewController.m */,
				DDCEF6DC1746FAC800EFD1AF /* SSProductListViewController.h */,
				DDCEF6DD1746FAC800EFD1AF /* SSProductListViewController.m */,
				DDF7B8E4174C30F900A93E51 /* SSProductDetailsViewController.h */,
				DDF7B8E5174C30F900A93E51 /* SSProductDetailsViewController.m */,
				DD3D26CC1748FBE600A49116 /* SSBranchesViewController.h */,
				DD3D26CD1748FBE700A49116 /* SSBranchesViewController.m */,
				DDB81896174B91B8008E0D38 /* SSBranchDetailsViewController.h */,
				DDB81897174B91B8008E0D38 /* SSBranchDetailsViewController.m */,
				DDF251E1174D072500386B8B /* SSNotificationsViewController.h */,
				DDF251E2174D072500386B8B /* SSNotificationsViewController.m */,
				00E7759F175CA9B500FAFE13 /* SSMoreViewController.h */,
				00E775A0175CA9B500FAFE13 /* SSMoreViewController.m */,
				00E775A6175CB24400FAFE13 /* SSPopupViewController.h */,
				00E775A7175CB24400FAFE13 /* SSPopupViewController.m */,
				00E775A9175CB4CF00FAFE13 /* PopupView.xib */,
			);
			name = ViewControllers;
			sourceTree = "<group>";
		};
		DD3FD91B17464BB4003DE202 = {
			isa = PBXGroup;
			children = (
				DD3FD952174652C8003DE202 /* Default-568h@2x.png */,
				DD3FD9501746515B003DE202 /* Default@2x.png */,
				DD3FD94E17465146003DE202 /* Default.png */,
				DD3FD94C1746513C003DE202 /* Icon@2x.png */,
				DD3FD94A17465139003DE202 /* Icon.png */,
				DD3FD92D17464BB4003DE202 /* salesucre */,
				DD3FD92617464BB4003DE202 /* Frameworks */,
				DD3FD92517464BB4003DE202 /* Products */,
				77E07B2F641949CFB3FE2D0C /* Pods.xcconfig */,
			);
			sourceTree = "<group>";
		};
		DD3FD92517464BB4003DE202 /* Products */ = {
			isa = PBXGroup;
			children = (
				DD3FD92417464BB4003DE202 /* salesucre.app */,
			);
			name = Products;
			sourceTree = "<group>";
		};
		DD3FD92617464BB4003DE202 /* Frameworks */ = {
			isa = PBXGroup;
			children = (
				DDABA67C17C94835003EE5C0 /* Security.framework */,
				DDABA67A17C94815003EE5C0 /* AdSupport.framework */,
				00312350175CD047001961FD /* MessageUI.framework */,
				DD1EBA8B1754FE69003A32B4 /* Twitter.framework */,
				DD1EBA891754FCA6003A32B4 /* Social.framework */,
				DD1EBA871754FC88003A32B4 /* Accounts.framework */,
				DD4B51DB174E61110011EBE0 /* Crashlytics.framework */,
				DDB81899174B9552008E0D38 /* MapKit.framework */,
				DD3FD970174664B5003DE202 /* libz.1.1.3.dylib */,
				DD3FD9691746612C003DE202 /* AudioToolbox.framework */,
				DD3FD92717464BB4003DE202 /* UIKit.framework */,
				DD3FD92917464BB4003DE202 /* Foundation.framework */,
				DD3FD92B17464BB4003DE202 /* CoreGraphics.framework */,
				976D2775B86E407CA4B459DD /* libPods.a */,
			);
			name = Frameworks;
			sourceTree = "<group>";
		};
		DD3FD92D17464BB4003DE202 /* salesucre */ = {
			isa = PBXGroup;
			children = (
				DD3FD92E17464BB4003DE202 /* Podfile */,
				DD3FD93C17464BB4003DE202 /* SSAppDelegate.h */,
				DD3FD93D17464BB4003DE202 /* SSAppDelegate.m */,
				DD3DB5FC17468A4200F7D014 /* MainStoryboard.storyboard */,
				DD3DB60117468E7C00F7D014 /* SSSplashViewController.h */,
				DD3DB60217468E7C00F7D014 /* SSSplashViewController.m */,
				DD3DB60617468FBC00F7D014 /* SSSplashViewController.xib */,
				DD27C99B174D681C0069CCFF /* ViewControllers */,
				DD3FD96F174663FA003DE202 /* Model */,
				DD3FD93217464BB4003DE202 /* Networking */,
				DDABA67E17C94849003EE5C0 /* Libs */,
				DD3FD95717465825003DE202 /* Helpers */,
				DD3FD956174656C9003DE202 /* Artwork */,
				DD3FD93017464BB4003DE202 /* Supporting Files */,
			);
			path = salesucre;
			sourceTree = "<group>";
		};
		DD3FD93017464BB4003DE202 /* Supporting Files */ = {
			isa = PBXGroup;
			children = (
				DD3F794817539D2E001530B1 /* GestaSemiCond-Medium.ttf */,
				DD3FD93117464BB4003DE202 /* salesucre-Prefix.pch */,
				DD3FD9541746534E003DE202 /* API.h */,
				DD3FD955174654C5003DE202 /* Theme.h */,
				DD3FD93617464BB4003DE202 /* salesucre-Info.plist */,
				DD3FD93717464BB4003DE202 /* InfoPlist.strings */,
				DD3FD93A17464BB4003DE202 /* main.m */,
				DD3FD93F17464BB4003DE202 /* Default.png */,
				DD3FD94117464BB4003DE202 /* Default@2x.png */,
				DD3FD94317464BB4003DE202 /* Default-568h@2x.png */,
			);
			name = "Supporting Files";
			sourceTree = "<group>";
		};
		DD3FD93217464BB4003DE202 /* Networking */ = {
			isa = PBXGroup;
			children = (
				DD3FD96017465BBD003DE202 /* SSAPIClient.h */,
				DD3FD96117465BBD003DE202 /* SSAPIClient.m */,
				DD3FD96617465D68003DE202 /* SSIncrementalStore.h */,
				DD3FD96717465D68003DE202 /* SSIncrementalStore.m */,
			);
			name = Networking;
			sourceTree = "<group>";
		};
		DD3FD956174656C9003DE202 /* Artwork */ = {
			isa = PBXGroup;
			children = (
				DD27C996174D61790069CCFF /* TableView */,
				DDF7B8E3174C1C7000A93E51 /* navigationbar */,
				DDF7B8E2174C1C6700A93E51 /* tabbar */,
				DDF7B8E1174C1C5900A93E51 /* general */,
			);
			name = Artwork;
			sourceTree = "<group>";
		};
		DD3FD95717465825003DE202 /* Helpers */ = {
			isa = PBXGroup;
			children = (
				DD9184C5174CC30200441245 /* UIColor+Helpers.h */,
				DD9184C6174CC30200441245 /* UIColor+Helpers.m */,
				DD3FD96317465CF0003DE202 /* NSDictionary+objectForKeyList.h */,
				DD3FD96417465CF0003DE202 /* NSDictionary+objectForKeyList.m */,
			);
			name = Helpers;
			sourceTree = "<group>";
		};
		DD3FD96F174663FA003DE202 /* Model */ = {
			isa = PBXGroup;
			children = (
				DD3DB5F3174687AE00F7D014 /* SSCell.h */,
				DD3DB5F4174687AE00F7D014 /* SSCell.m */,
				DDF251E7174D0DE500386B8B /* SSNotificationCell.h */,
				DDF251E8174D0DE500386B8B /* SSNotificationCell.m */,
				DDFF4224174D41EC008A495A /* SSBranchLocation.h */,
				DDFF4225174D41EC008A495A /* SSBranchLocation.m */,
				DD3DB5F6174688B500F7D014 /* salesucre.xcdatamodeld */,
				DD9DE97B175E4D1E00A68E98 /* SSContacts.h */,
				DD9DE97C175E4D1E00A68E98 /* SSContacts.m */,
				DDDD2A58175E4C5300DF4966 /* Branch.h */,
				DDDD2A59175E4C5300DF4966 /* Branch.m */,
				DDF251E4174D0BCF00386B8B /* SSNotification.h */,
				DDF251E5174D0BCF00386B8B /* SSNotification.m */,
				DD3DB5F91746895C00F7D014 /* SSCategory.h */,
				DD3DB5FA1746895C00F7D014 /* SSCategory.m */,
				DDCEF6DF1747008C00EFD1AF /* SSMenuItem.h */,
				DDCEF6E01747008C00EFD1AF /* SSMenuItem.m */,
				DD3D26BD1748F2D800A49116 /* Images.h */,
				DD3D26BE1748F2D800A49116 /* Images.m */,
			);
			name = Model;
			sourceTree = "<group>";
		};
		DDABA67E17C94849003EE5C0 /* Libs */ = {
			isa = PBXGroup;
			children = (
				DDABA67F17C94874003EE5C0 /* Flurry.h */,
				DDABA68017C94874003EE5C0 /* libFlurry_4.2.3.a */,
			);
			name = Libs;
			sourceTree = "<group>";
		};
		DDF7B8E1174C1C5900A93E51 /* general */ = {
			isa = PBXGroup;
			children = (
				DD4B51D6174E36B30011EBE0 /* salesucre-logo.png */,
				DD4B51D7174E36B30011EBE0 /* salesucre-logo@2x.png */,
				DD1723FA174CDB18005EB25A /* app-background.png */,
				DD1723FB174CDB18005EB25A /* app-background@2x.png */,
				DD9184C1174CC03000441245 /* gallery-placeholder.png */,
				DD9184C2174CC03000441245 /* gallery-placeholder@2x.png */,
				DDAE4FC817595B8100475327 /* price-tag.png */,
				DDAE4FC917595B8100475327 /* price-tag@2x.png */,
				DDAE4FCC1759609D00475327 /* call-icon.png */,
				DDAE4FCD1759609D00475327 /* call-icon@2x.png */,
			);
			name = general;
			sourceTree = "<group>";
		};
		DDF7B8E2174C1C6700A93E51 /* tabbar */ = {
			isa = PBXGroup;
			children = (
				DDF2B9BC174D7CC800545849 /* tabbar-background.png */,
				DDF2B9BD174D7CC800545849 /* tabbar-background@2x.png */,
				DDAE4FF81759754900475327 /* tabbar-tint-image@2x.png */,
				DDAE4FF4175973FB00475327 /* tabbar-tint-image.png */,
				DD49AA5F175C9AEB00CB762A /* tabbar-selection-image.png */,
				DD49AA60175C9AEB00CB762A /* tabbar-selection-image@2x.png */,
				DDAE4FE017596D7C00475327 /* menu-icon-selected.png */,
				DDAE4FE117596D7C00475327 /* menu-icon-selected@2x.png */,
				DDAE4FE217596D7C00475327 /* menu-icon-unselected.png */,
				DDAE4FE317596D7C00475327 /* menu-icon-unselected@2x.png */,
				DD49AA57175C937800CB762A /* branches-icon-selected.png */,
				DD49AA58175C937800CB762A /* branches-icon-selected@2x.png */,
				DD49AA59175C937800CB762A /* branches-icon-unselected.png */,
				DD49AA5A175C937800CB762A /* branches-icon-unselected@2x.png */,
				DD49AA47175C917600CB762A /* notifications-icon-selected.png */,
				DD49AA48175C917600CB762A /* notifications-icon-selected@2x.png */,
				DD49AA49175C917600CB762A /* notifications-icon-unselected.png */,
				DD49AA4A175C917600CB762A /* notifications-icon-unselected@2x.png */,
				DD49AA4F175C917E00CB762A /* settings-icon-selected.png */,
				DD49AA50175C917E00CB762A /* settings-icon-selected@2x.png */,
				DD49AA51175C917E00CB762A /* settings-icon-unselected.png */,
				DD49AA52175C917E00CB762A /* settings-icon-unselected@2x.png */,
			);
			name = tabbar;
			sourceTree = "<group>";
		};
		DDF7B8E3174C1C7000A93E51 /* navigationbar */ = {
			isa = PBXGroup;
			children = (
				DD27C9A8174D79520069CCFF /* navbar-background.png */,
				DD27C9A9174D79520069CCFF /* navbar-background@2x.png */,
			);
			name = navigationbar;
			sourceTree = "<group>";
		};
/* End PBXGroup section */

/* Begin PBXNativeTarget section */
		DD3FD92317464BB4003DE202 /* salesucre */ = {
			isa = PBXNativeTarget;
			buildConfigurationList = DD3FD94717464BB4003DE202 /* Build configuration list for PBXNativeTarget "salesucre" */;
			buildPhases = (
				61295EFA6576418BAFD34FCF /* Check Pods Manifest.lock */,
				DD3FD92017464BB4003DE202 /* Sources */,
				DD3FD92117464BB4003DE202 /* Frameworks */,
				DD3FD92217464BB4003DE202 /* Resources */,
				40F8204D3918469D8F4C621F /* Copy Pods Resources */,
				DD4B51DA174E60E20011EBE0 /* ShellScript */,
			);
			buildRules = (
			);
			dependencies = (
			);
			name = salesucre;
			productName = salesucre;
			productReference = DD3FD92417464BB4003DE202 /* salesucre.app */;
			productType = "com.apple.product-type.application";
		};
/* End PBXNativeTarget section */

/* Begin PBXProject section */
		DD3FD91C17464BB4003DE202 /* Project object */ = {
			isa = PBXProject;
			attributes = {
				CLASSPREFIX = SS;
				LastUpgradeCheck = 0460;
				ORGANIZATIONNAME = "Haitham Reda";
			};
			buildConfigurationList = DD3FD91F17464BB4003DE202 /* Build configuration list for PBXProject "salesucre" */;
			compatibilityVersion = "Xcode 3.2";
			developmentRegion = English;
			hasScannedForEncodings = 0;
			knownRegions = (
				en,
			);
			mainGroup = DD3FD91B17464BB4003DE202;
			productRefGroup = DD3FD92517464BB4003DE202 /* Products */;
			projectDirPath = "";
			projectRoot = "";
			targets = (
				DD3FD92317464BB4003DE202 /* salesucre */,
			);
		};
/* End PBXProject section */

/* Begin PBXResourcesBuildPhase section */
		DD3FD92217464BB4003DE202 /* Resources */ = {
			isa = PBXResourcesBuildPhase;
			buildActionMask = 2147483647;
			files = (
				DD3FD92F17464BB4003DE202 /* Podfile in Resources */,
				DD3FD93917464BB4003DE202 /* InfoPlist.strings in Resources */,
				DD3FD94017464BB4003DE202 /* Default.png in Resources */,
				DD3FD94217464BB4003DE202 /* Default@2x.png in Resources */,
				DD3FD94417464BB4003DE202 /* Default-568h@2x.png in Resources */,
				DD3FD94B17465139003DE202 /* Icon.png in Resources */,
				DD3FD94D1746513C003DE202 /* Icon@2x.png in Resources */,
				DD3FD94F17465146003DE202 /* Default.png in Resources */,
				DD3FD9511746515B003DE202 /* Default@2x.png in Resources */,
				DD3FD953174652C8003DE202 /* Default-568h@2x.png in Resources */,
				DD3DB5FD17468A4200F7D014 /* MainStoryboard.storyboard in Resources */,
				DD3DB60717468FBC00F7D014 /* SSSplashViewController.xib in Resources */,
				DD9184C3174CC03000441245 /* gallery-placeholder.png in Resources */,
				DD9184C4174CC03000441245 /* gallery-placeholder@2x.png in Resources */,
				DD1723FC174CDB18005EB25A /* app-background.png in Resources */,
				DD1723FD174CDB18005EB25A /* app-background@2x.png in Resources */,
				DD27C9AA174D79520069CCFF /* navbar-background.png in Resources */,
				DD27C9AB174D79520069CCFF /* navbar-background@2x.png in Resources */,
				DDF2B9BE174D7CC800545849 /* tabbar-background.png in Resources */,
				DDF2B9BF174D7CC800545849 /* tabbar-background@2x.png in Resources */,
				DD4B51D4174E2D530011EBE0 /* cell-background.png in Resources */,
				DD4B51D5174E2D530011EBE0 /* cell-background@2x.png in Resources */,
				DD4B51D8174E36B30011EBE0 /* salesucre-logo.png in Resources */,
				DD4B51D9174E36B30011EBE0 /* salesucre-logo@2x.png in Resources */,
				DD4B51DF174E649C0011EBE0 /* section-header-view-background.png in Resources */,
				DD4B51E0174E649C0011EBE0 /* section-header-view-background@2x.png in Resources */,
				DD53CED81752253E0082F965 /* thumbnail-placeholder.png in Resources */,
				DD53CED91752253E0082F965 /* thumbnail-placeholder@2x.png in Resources */,
				DD3F794617539AEB001530B1 /* list-arrow.png in Resources */,
				DD3F794717539AEB001530B1 /* list-arrow@2x.png in Resources */,
				DD3F794917539D2E001530B1 /* GestaSemiCond-Medium.ttf in Resources */,
				DDAE4FCA17595B8100475327 /* price-tag.png in Resources */,
				DDAE4FCB17595B8100475327 /* price-tag@2x.png in Resources */,
				DDAE4FCE1759609D00475327 /* call-icon.png in Resources */,
				DDAE4FCF1759609D00475327 /* call-icon@2x.png in Resources */,
				DDAE4FE417596D7C00475327 /* menu-icon-selected.png in Resources */,
				DDAE4FE517596D7C00475327 /* menu-icon-selected@2x.png in Resources */,
				DDAE4FE617596D7C00475327 /* menu-icon-unselected.png in Resources */,
				DDAE4FE717596D7C00475327 /* menu-icon-unselected@2x.png in Resources */,
				DDAE4FF6175973FB00475327 /* tabbar-tint-image.png in Resources */,
				DDAE4FF91759754900475327 /* tabbar-tint-image@2x.png in Resources */,
				DD49AA4B175C917600CB762A /* notifications-icon-selected.png in Resources */,
				DD49AA4C175C917600CB762A /* notifications-icon-selected@2x.png in Resources */,
				DD49AA4D175C917600CB762A /* notifications-icon-unselected.png in Resources */,
				DD49AA4E175C917600CB762A /* notifications-icon-unselected@2x.png in Resources */,
				DD49AA53175C917E00CB762A /* settings-icon-selected.png in Resources */,
				DD49AA54175C917E00CB762A /* settings-icon-selected@2x.png in Resources */,
				DD49AA55175C917E00CB762A /* settings-icon-unselected.png in Resources */,
				DD49AA56175C917E00CB762A /* settings-icon-unselected@2x.png in Resources */,
				DD49AA5B175C937800CB762A /* branches-icon-selected.png in Resources */,
				DD49AA5C175C937800CB762A /* branches-icon-selected@2x.png in Resources */,
				DD49AA5D175C937800CB762A /* branches-icon-unselected.png in Resources */,
				DD49AA5E175C937800CB762A /* branches-icon-unselected@2x.png in Resources */,
				DD49AA61175C9AEB00CB762A /* tabbar-selection-image.png in Resources */,
				DD49AA62175C9AEB00CB762A /* tabbar-selection-image@2x.png in Resources */,
				00E775A4175CB0CD00FAFE13 /* call-icon.png in Resources */,
				00E775A5175CB0CD00FAFE13 /* call-icon@2x.png in Resources */,
				00E775AA175CB4D000FAFE13 /* PopupView.xib in Resources */,
			);
			runOnlyForDeploymentPostprocessing = 0;
		};
/* End PBXResourcesBuildPhase section */

/* Begin PBXShellScriptBuildPhase section */
		40F8204D3918469D8F4C621F /* Copy Pods Resources */ = {
			isa = PBXShellScriptBuildPhase;
			buildActionMask = 2147483647;
			files = (
			);
			inputPaths = (
			);
			name = "Copy Pods Resources";
			outputPaths = (
			);
			runOnlyForDeploymentPostprocessing = 0;
			shellPath = /bin/sh;
			shellScript = "\"${SRCROOT}/Pods/Pods-resources.sh\"\n";
		};
		61295EFA6576418BAFD34FCF /* Check Pods Manifest.lock */ = {
			isa = PBXShellScriptBuildPhase;
			buildActionMask = 2147483647;
			files = (
			);
			inputPaths = (
			);
			name = "Check Pods Manifest.lock";
			outputPaths = (
			);
			runOnlyForDeploymentPostprocessing = 0;
			shellPath = /bin/sh;
			shellScript = "diff \"${PODS_ROOT}/../Podfile.lock\" \"${PODS_ROOT}/Manifest.lock\" > /dev/null\nif [[ $? != 0 ]] ; then\n    cat << EOM\nerror: The sandbox is not in sync with the Podfile.lock. Run 'pod install' or update your CocoaPods installation.\nEOM\n    exit 1\nfi\n";
		};
		DD4B51DA174E60E20011EBE0 /* ShellScript */ = {
			isa = PBXShellScriptBuildPhase;
			buildActionMask = 2147483647;
			files = (
			);
			inputPaths = (
			);
			outputPaths = (
			);
			runOnlyForDeploymentPostprocessing = 0;
			shellPath = /bin/sh;
			shellScript = "./Crashlytics.framework/run 665d47e6931df693ab4bb152e397ac09982a11a4";
		};
/* End PBXShellScriptBuildPhase section */

/* Begin PBXSourcesBuildPhase section */
		DD3FD92017464BB4003DE202 /* Sources */ = {
			isa = PBXSourcesBuildPhase;
			buildActionMask = 2147483647;
			files = (
				DD3FD93B17464BB4003DE202 /* main.m in Sources */,
				DD3FD93E17464BB4003DE202 /* SSAppDelegate.m in Sources */,
				DD3FD96217465BBD003DE202 /* SSAPIClient.m in Sources */,
				DD3FD96517465CF0003DE202 /* NSDictionary+objectForKeyList.m in Sources */,
				DD3FD96817465D68003DE202 /* SSIncrementalStore.m in Sources */,
				DD3DB5F5174687AE00F7D014 /* SSCell.m in Sources */,
				DD3DB5F8174688B500F7D014 /* salesucre.xcdatamodeld in Sources */,
				DD3DB5FB1746895C00F7D014 /* SSCategory.m in Sources */,
				DD3DB60017468C4F00F7D014 /* SSMenuViewController.m in Sources */,
				DD3DB60417468E7C00F7D014 /* SSSplashViewController.m in Sources */,
				DDCEF6DE1746FAC800EFD1AF /* SSProductListViewController.m in Sources */,
				DDCEF6E11747008C00EFD1AF /* SSMenuItem.m in Sources */,
				DD3D26BF1748F2D800A49116 /* Images.m in Sources */,
				DD3D26CE1748FBE700A49116 /* SSBranchesViewController.m in Sources */,
				DDB81898174B91B8008E0D38 /* SSBranchDetailsViewController.m in Sources */,
				DDF7B8E6174C30F900A93E51 /* SSProductDetailsViewController.m in Sources */,
				DD9184C7174CC30200441245 /* UIColor+Helpers.m in Sources */,
				DDF251E3174D072500386B8B /* SSNotificationsViewController.m in Sources */,
				DDF251E6174D0BCF00386B8B /* SSNotification.m in Sources */,
				DDF251E9174D0DE500386B8B /* SSNotificationCell.m in Sources */,
				DDFF4226174D41EC008A495A /* SSBranchLocation.m in Sources */,
				00E775A1175CA9B500FAFE13 /* SSMoreViewController.m in Sources */,
				00E775A8175CB24400FAFE13 /* SSPopupViewController.m in Sources */,
				DDDD2A5A175E4C5300DF4966 /* Branch.m in Sources */,
				DD9DE97D175E4D1E00A68E98 /* SSContacts.m in Sources */,
			);
			runOnlyForDeploymentPostprocessing = 0;
		};
/* End PBXSourcesBuildPhase section */

/* Begin PBXVariantGroup section */
		DD3FD93717464BB4003DE202 /* InfoPlist.strings */ = {
			isa = PBXVariantGroup;
			children = (
				DD3FD93817464BB4003DE202 /* en */,
			);
			name = InfoPlist.strings;
			sourceTree = "<group>";
		};
/* End PBXVariantGroup section */

/* Begin XCBuildConfiguration section */
		DD3FD94517464BB4003DE202 /* Debug */ = {
			isa = XCBuildConfiguration;
			buildSettings = {
				ALWAYS_SEARCH_USER_PATHS = NO;
				CLANG_CXX_LANGUAGE_STANDARD = "gnu++0x";
				CLANG_CXX_LIBRARY = "libc++";
				CLANG_ENABLE_OBJC_ARC = YES;
				CLANG_WARN_CONSTANT_CONVERSION = YES;
				CLANG_WARN_EMPTY_BODY = YES;
				CLANG_WARN_ENUM_CONVERSION = YES;
				CLANG_WARN_INT_CONVERSION = YES;
				CLANG_WARN__DUPLICATE_METHOD_MATCH = YES;
				"CODE_SIGN_IDENTITY[sdk=iphoneos*]" = "iPhone Developer";
				COPY_PHASE_STRIP = NO;
				GCC_C_LANGUAGE_STANDARD = gnu99;
				GCC_DYNAMIC_NO_PIC = NO;
				GCC_OPTIMIZATION_LEVEL = 0;
				GCC_PREPROCESSOR_DEFINITIONS = (
					"DEBUG=1",
					"$(inherited)",
				);
				GCC_SYMBOLS_PRIVATE_EXTERN = NO;
				GCC_WARN_ABOUT_RETURN_TYPE = YES;
				GCC_WARN_UNINITIALIZED_AUTOS = YES;
				GCC_WARN_UNUSED_VARIABLE = YES;
				IPHONEOS_DEPLOYMENT_TARGET = 6.0;
				ONLY_ACTIVE_ARCH = YES;
				SDKROOT = iphoneos;
			};
			name = Debug;
		};
		DD3FD94617464BB4003DE202 /* Release */ = {
			isa = XCBuildConfiguration;
			buildSettings = {
				ALWAYS_SEARCH_USER_PATHS = NO;
				CLANG_CXX_LANGUAGE_STANDARD = "gnu++0x";
				CLANG_CXX_LIBRARY = "libc++";
				CLANG_ENABLE_OBJC_ARC = YES;
				CLANG_WARN_CONSTANT_CONVERSION = YES;
				CLANG_WARN_EMPTY_BODY = YES;
				CLANG_WARN_ENUM_CONVERSION = YES;
				CLANG_WARN_INT_CONVERSION = YES;
				CLANG_WARN__DUPLICATE_METHOD_MATCH = YES;
				CODE_SIGN_IDENTITY = "iPhone Distribution: Haitham Abo Shahba";
				"CODE_SIGN_IDENTITY[sdk=iphoneos*]" = "iPhone Distribution";
				COPY_PHASE_STRIP = YES;
				GCC_C_LANGUAGE_STANDARD = gnu99;
				GCC_WARN_ABOUT_RETURN_TYPE = YES;
				GCC_WARN_UNINITIALIZED_AUTOS = YES;
				GCC_WARN_UNUSED_VARIABLE = YES;
				IPHONEOS_DEPLOYMENT_TARGET = 6.0;
				OTHER_CFLAGS = "-DNS_BLOCK_ASSERTIONS=1";
				PROVISIONING_PROFILE = "A9CB561E-BD84-431B-9309-A9790C81C6DC";
				"PROVISIONING_PROFILE[sdk=iphoneos*]" = "";
				SDKROOT = iphoneos;
				VALIDATE_PRODUCT = YES;
			};
			name = Release;
		};
		DD3FD94817464BB4003DE202 /* Debug */ = {
			isa = XCBuildConfiguration;
			baseConfigurationReference = 77E07B2F641949CFB3FE2D0C /* Pods.xcconfig */;
			buildSettings = {
				FRAMEWORK_SEARCH_PATHS = (
					"$(inherited)",
					"\"$(SRCROOT)/salesucre\"",
					"\"$(SRCROOT)\"",
				);
				GCC_PRECOMPILE_PREFIX_HEADER = YES;
				GCC_PREFIX_HEADER = "salesucre/salesucre-Prefix.pch";
				INFOPLIST_FILE = "salesucre/salesucre-Info.plist";
				IPHONEOS_DEPLOYMENT_TARGET = 6.0;
				LIBRARY_SEARCH_PATHS = (
					"$(inherited)",
					"\\\"$(SRCROOT)/salesucre/Flurry\\\"",
					"/Users/haitham/Projects/salesucre-ios/salesucre",
				);
				PRODUCT_NAME = "$(TARGET_NAME)";
				WRAPPER_EXTENSION = app;
			};
			name = Debug;
		};
		DD3FD94917464BB4003DE202 /* Release */ = {
			isa = XCBuildConfiguration;
			baseConfigurationReference = 77E07B2F641949CFB3FE2D0C /* Pods.xcconfig */;
			buildSettings = {
				FRAMEWORK_SEARCH_PATHS = (
					"$(inherited)",
					"\"$(SRCROOT)/salesucre\"",
					"\"$(SRCROOT)\"",
				);
				GCC_PRECOMPILE_PREFIX_HEADER = YES;
				GCC_PREFIX_HEADER = "salesucre/salesucre-Prefix.pch";
				INFOPLIST_FILE = "salesucre/salesucre-Info.plist";
				IPHONEOS_DEPLOYMENT_TARGET = 6.0;
				LIBRARY_SEARCH_PATHS = (
					"$(inherited)",
					"\\\"$(SRCROOT)/salesucre/Flurry\\\"",
					"/Users/haitham/Projects/salesucre-ios/salesucre",
				);
				PRODUCT_NAME = "$(TARGET_NAME)";
				WRAPPER_EXTENSION = app;
			};
			name = Release;
		};
/* End XCBuildConfiguration section */

/* Begin XCConfigurationList section */
		DD3FD91F17464BB4003DE202 /* Build configuration list for PBXProject "salesucre" */ = {
			isa = XCConfigurationList;
			buildConfigurations = (
				DD3FD94517464BB4003DE202 /* Debug */,
				DD3FD94617464BB4003DE202 /* Release */,
			);
			defaultConfigurationIsVisible = 0;
			defaultConfigurationName = Release;
		};
		DD3FD94717464BB4003DE202 /* Build configuration list for PBXNativeTarget "salesucre" */ = {
			isa = XCConfigurationList;
			buildConfigurations = (
				DD3FD94817464BB4003DE202 /* Debug */,
				DD3FD94917464BB4003DE202 /* Release */,
			);
			defaultConfigurationIsVisible = 0;
			defaultConfigurationName = Release;
		};
/* End XCConfigurationList section */

/* Begin XCVersionGroup section */
		DD3DB5F6174688B500F7D014 /* salesucre.xcdatamodeld */ = {
			isa = XCVersionGroup;
			children = (
				DD3DB5F7174688B500F7D014 /* salesucre.xcdatamodel */,
			);
			currentVersion = DD3DB5F7174688B500F7D014 /* salesucre.xcdatamodel */;
			path = salesucre.xcdatamodeld;
			sourceTree = "<group>";
			versionGroupType = wrapper.xcdatamodel;
		};
/* End XCVersionGroup section */
	};
	rootObject = DD3FD91C17464BB4003DE202 /* Project object */;
}
